// !$*UTF8*$!
{
	archiveVersion = 1;
	classes = {
	};
	objectVersion = 56;
	objects = {

/* Begin PBXBuildFile section */
		9CA8629A2B1E007C00737E46 /* JSON.swift in Sources */ = {isa = PBXBuildFile; fileRef = 9CA862992B1E007C00737E46 /* JSON.swift */; };
		9CA8629C2B1E1F1B00737E46 /* CarouselUIModel.swift in Sources */ = {isa = PBXBuildFile; fileRef = 9CA8629B2B1E1F1B00737E46 /* CarouselUIModel.swift */; };
		9CA8629E2B1E1F4B00737E46 /* CarouselComponent.swift in Sources */ = {isa = PBXBuildFile; fileRef = 9CA8629D2B1E1F4B00737E46 /* CarouselComponent.swift */; };
		9CA862A12B1E20FF00737E46 /* CarouselView.swift in Sources */ = {isa = PBXBuildFile; fileRef = 9CA862A02B1E20FF00737E46 /* CarouselView.swift */; };
		9CA862A42B1E3CD500737E46 /* Action.swift in Sources */ = {isa = PBXBuildFile; fileRef = 9CA862A32B1E3CD500737E46 /* Action.swift */; };
		9CA862A72B1E3D2500737E46 /* Route.swift in Sources */ = {isa = PBXBuildFile; fileRef = 9CA862A62B1E3D2500737E46 /* Route.swift */; };
		9CA862A92B1E3DBA00737E46 /* Navigator.swift in Sources */ = {isa = PBXBuildFile; fileRef = 9CA862A82B1E3DBA00737E46 /* Navigator.swift */; };
		9CA862AC2B1F4E1100737E46 /* MenuItemDetailScreen.swift in Sources */ = {isa = PBXBuildFile; fileRef = 9CA862AB2B1F4E1100737E46 /* MenuItemDetailScreen.swift */; };
		9CA862AE2B1F51DB00737E46 /* MenuItemDetailViewModel.swift in Sources */ = {isa = PBXBuildFile; fileRef = 9CA862AD2B1F51DB00737E46 /* MenuItemDetailViewModel.swift */; };
		9CA862B02B1F5A1600737E46 /* TextRowUIModel.swift in Sources */ = {isa = PBXBuildFile; fileRef = 9CA862AF2B1F5A1600737E46 /* TextRowUIModel.swift */; };
		9CA862B22B1F5A4100737E46 /* TextRowComponent.swift in Sources */ = {isa = PBXBuildFile; fileRef = 9CA862B12B1F5A4100737E46 /* TextRowComponent.swift */; };
		9CA862B42B1F64E700737E46 /* RatingUIModel.swift in Sources */ = {isa = PBXBuildFile; fileRef = 9CA862B32B1F64E700737E46 /* RatingUIModel.swift */; };
		9CA862B62B1F653100737E46 /* RatingComponent.swift in Sources */ = {isa = PBXBuildFile; fileRef = 9CA862B52B1F653100737E46 /* RatingComponent.swift */; };
		9CA862B82B1F66F600737E46 /* RatingView.swift in Sources */ = {isa = PBXBuildFile; fileRef = 9CA862B72B1F66F600737E46 /* RatingView.swift */; };
		9CA862BA2B1F955900737E46 /* ListUIModel.swift in Sources */ = {isa = PBXBuildFile; fileRef = 9CA862B92B1F955900737E46 /* ListUIModel.swift */; };
		9CA862BC2B1F977100737E46 /* ListComponent.swift in Sources */ = {isa = PBXBuildFile; fileRef = 9CA862BB2B1F977100737E46 /* ListComponent.swift */; };
		9CA862BE2B1F97D800737E46 /* RowComponent.swift in Sources */ = {isa = PBXBuildFile; fileRef = 9CA862BD2B1F97D800737E46 /* RowComponent.swift */; };
		9CA862C02B1FA33300737E46 /* EmptyComponent.swift in Sources */ = {isa = PBXBuildFile; fileRef = 9CA862BF2B1FA33300737E46 /* EmptyComponent.swift */; };
		9CADC9342B28EE0200E9A243 /* MenuCommentsViewModel.swift in Sources */ = {isa = PBXBuildFile; fileRef = 9CADC9332B28EE0200E9A243 /* MenuCommentsViewModel.swift */; };
		9CADC9362B28EE2B00E9A243 /* MenuCommentsScreen.swift in Sources */ = {isa = PBXBuildFile; fileRef = 9CADC9352B28EE2B00E9A243 /* MenuCommentsScreen.swift */; };
		9CADC9382B28F8D600E9A243 /* MenuCommentsViewModelTests.swift in Sources */ = {isa = PBXBuildFile; fileRef = 9CADC9372B28F8D600E9A243 /* MenuCommentsViewModelTests.swift */; };
		9CE4185F2B20F6F200781656 /* MenuItemDetailViewModelTests.swift in Sources */ = {isa = PBXBuildFile; fileRef = 9CE4185D2B20F6F200781656 /* MenuItemDetailViewModelTests.swift */; };
		9CE418602B20F6F200781656 /* MenuListViewModelTests.swift in Sources */ = {isa = PBXBuildFile; fileRef = 9CE4185E2B20F6F200781656 /* MenuListViewModelTests.swift */; };
		9CE418622B20F70B00781656 /* WebserviceMock.swift in Sources */ = {isa = PBXBuildFile; fileRef = 9CE418612B20F70B00781656 /* WebserviceMock.swift */; };
		9CF6FD462B1A45A0003B74AB /* The_MenuApp.swift in Sources */ = {isa = PBXBuildFile; fileRef = 9CF6FD452B1A45A0003B74AB /* The_MenuApp.swift */; };
		9CF6FD482B1A45A0003B74AB /* HomeScreen.swift in Sources */ = {isa = PBXBuildFile; fileRef = 9CF6FD472B1A45A0003B74AB /* HomeScreen.swift */; };
		9CF6FD4A2B1A45A2003B74AB /* Assets.xcassets in Resources */ = {isa = PBXBuildFile; fileRef = 9CF6FD492B1A45A2003B74AB /* Assets.xcassets */; };
		9CF6FD4D2B1A45A2003B74AB /* Preview Assets.xcassets in Resources */ = {isa = PBXBuildFile; fileRef = 9CF6FD4C2B1A45A2003B74AB /* Preview Assets.xcassets */; };
		9CF6FD722B1A45E7003B74AB /* Webservice.swift in Sources */ = {isa = PBXBuildFile; fileRef = 9CF6FD712B1A45E7003B74AB /* Webservice.swift */; };
		9CF6FD752B1A4650003B74AB /* Constants.swift in Sources */ = {isa = PBXBuildFile; fileRef = 9CF6FD742B1A4650003B74AB /* Constants.swift */; };
		9CF6FD782B1A5A68003B74AB /* ScreenModel.swift in Sources */ = {isa = PBXBuildFile; fileRef = 9CF6FD772B1A5A67003B74AB /* ScreenModel.swift */; };
		9CF6FD7B2B1A5DD4003B74AB /* UIComponent.swift in Sources */ = {isa = PBXBuildFile; fileRef = 9CF6FD7A2B1A5DD4003B74AB /* UIComponent.swift */; };
		9CF6FD7D2B1A5E41003B74AB /* FeaturedImageComponent.swift in Sources */ = {isa = PBXBuildFile; fileRef = 9CF6FD7C2B1A5E41003B74AB /* FeaturedImageComponent.swift */; };
		9CF6FD7F2B1A5ED0003B74AB /* FeatureImageUIModel.swift in Sources */ = {isa = PBXBuildFile; fileRef = 9CF6FD7E2B1A5ED0003B74AB /* FeatureImageUIModel.swift */; };
		9CF6FD822B1A6017003B74AB /* View+Extensions.swift in Sources */ = {isa = PBXBuildFile; fileRef = 9CF6FD812B1A6017003B74AB /* View+Extensions.swift */; };
		9CF6FD852B1A6101003B74AB /* MenuListViewModel.swift in Sources */ = {isa = PBXBuildFile; fileRef = 9CF6FD842B1A6101003B74AB /* MenuListViewModel.swift */; };
		9CF6FD872B1A626A003B74AB /* Dictionary+Extensions.swift in Sources */ = {isa = PBXBuildFile; fileRef = 9CF6FD862B1A626A003B74AB /* Dictionary+Extensions.swift */; };
		9CF6FD892B1A6BC6003B74AB /* menu-list.json in Resources */ = {isa = PBXBuildFile; fileRef = 9CF6FD882B1A6BC6003B74AB /* menu-list.json */; };
		9CF6FD8B2B1A6C6A003B74AB /* LocalService.swift in Sources */ = {isa = PBXBuildFile; fileRef = 9CF6FD8A2B1A6C6A003B74AB /* LocalService.swift */; };
		9CF6FD8D2B1A6CC6003B74AB /* NetworkService.swift in Sources */ = {isa = PBXBuildFile; fileRef = 9CF6FD8C2B1A6CC6003B74AB /* NetworkService.swift */; };
/* End PBXBuildFile section */

/* Begin PBXContainerItemProxy section */
		9C2FADFD2B20BDD900CBFE4F /* PBXContainerItemProxy */ = {
			isa = PBXContainerItemProxy;
			containerPortal = 9CF6FD3A2B1A45A0003B74AB /* Project object */;
			proxyType = 1;
			remoteGlobalIDString = 9CF6FD412B1A45A0003B74AB;
			remoteInfo = "The Menu";
		};
/* End PBXContainerItemProxy section */

/* Begin PBXFileReference section */
		9C2FADF92B20BDD900CBFE4F /* TheMenuUnitTests.xctest */ = {isa = PBXFileReference; explicitFileType = wrapper.cfbundle; includeInIndex = 0; path = TheMenuUnitTests.xctest; sourceTree = BUILT_PRODUCTS_DIR; };
		9C42C4942B21F2A7009FB751 /* The Menu.xctestplan */ = {isa = PBXFileReference; lastKnownFileType = text; path = "The Menu.xctestplan"; sourceTree = "<group>"; };
		9CA862992B1E007C00737E46 /* JSON.swift */ = {isa = PBXFileReference; lastKnownFileType = sourcecode.swift; path = JSON.swift; sourceTree = "<group>"; };
		9CA8629B2B1E1F1B00737E46 /* CarouselUIModel.swift */ = {isa = PBXFileReference; lastKnownFileType = sourcecode.swift; path = CarouselUIModel.swift; sourceTree = "<group>"; };
		9CA8629D2B1E1F4B00737E46 /* CarouselComponent.swift */ = {isa = PBXFileReference; lastKnownFileType = sourcecode.swift; path = CarouselComponent.swift; sourceTree = "<group>"; };
		9CA862A02B1E20FF00737E46 /* CarouselView.swift */ = {isa = PBXFileReference; lastKnownFileType = sourcecode.swift; path = CarouselView.swift; sourceTree = "<group>"; };
		9CA862A32B1E3CD500737E46 /* Action.swift */ = {isa = PBXFileReference; lastKnownFileType = sourcecode.swift; path = Action.swift; sourceTree = "<group>"; };
		9CA862A62B1E3D2500737E46 /* Route.swift */ = {isa = PBXFileReference; lastKnownFileType = sourcecode.swift; path = Route.swift; sourceTree = "<group>"; };
		9CA862A82B1E3DBA00737E46 /* Navigator.swift */ = {isa = PBXFileReference; lastKnownFileType = sourcecode.swift; path = Navigator.swift; sourceTree = "<group>"; };
		9CA862AB2B1F4E1100737E46 /* MenuItemDetailScreen.swift */ = {isa = PBXFileReference; lastKnownFileType = sourcecode.swift; path = MenuItemDetailScreen.swift; sourceTree = "<group>"; };
		9CA862AD2B1F51DB00737E46 /* MenuItemDetailViewModel.swift */ = {isa = PBXFileReference; lastKnownFileType = sourcecode.swift; path = MenuItemDetailViewModel.swift; sourceTree = "<group>"; };
		9CA862AF2B1F5A1600737E46 /* TextRowUIModel.swift */ = {isa = PBXFileReference; lastKnownFileType = sourcecode.swift; path = TextRowUIModel.swift; sourceTree = "<group>"; };
		9CA862B12B1F5A4100737E46 /* TextRowComponent.swift */ = {isa = PBXFileReference; lastKnownFileType = sourcecode.swift; path = TextRowComponent.swift; sourceTree = "<group>"; };
		9CA862B32B1F64E700737E46 /* RatingUIModel.swift */ = {isa = PBXFileReference; lastKnownFileType = sourcecode.swift; path = RatingUIModel.swift; sourceTree = "<group>"; };
		9CA862B52B1F653100737E46 /* RatingComponent.swift */ = {isa = PBXFileReference; lastKnownFileType = sourcecode.swift; path = RatingComponent.swift; sourceTree = "<group>"; };
		9CA862B72B1F66F600737E46 /* RatingView.swift */ = {isa = PBXFileReference; lastKnownFileType = sourcecode.swift; path = RatingView.swift; sourceTree = "<group>"; };
		9CA862B92B1F955900737E46 /* ListUIModel.swift */ = {isa = PBXFileReference; lastKnownFileType = sourcecode.swift; path = ListUIModel.swift; sourceTree = "<group>"; };
		9CA862BB2B1F977100737E46 /* ListComponent.swift */ = {isa = PBXFileReference; lastKnownFileType = sourcecode.swift; path = ListComponent.swift; sourceTree = "<group>"; };
		9CA862BD2B1F97D800737E46 /* RowComponent.swift */ = {isa = PBXFileReference; lastKnownFileType = sourcecode.swift; path = RowComponent.swift; sourceTree = "<group>"; };
		9CA862BF2B1FA33300737E46 /* EmptyComponent.swift */ = {isa = PBXFileReference; lastKnownFileType = sourcecode.swift; path = EmptyComponent.swift; sourceTree = "<group>"; };
		9CADC9332B28EE0200E9A243 /* MenuCommentsViewModel.swift */ = {isa = PBXFileReference; lastKnownFileType = sourcecode.swift; path = MenuCommentsViewModel.swift; sourceTree = "<group>"; };
		9CADC9352B28EE2B00E9A243 /* MenuCommentsScreen.swift */ = {isa = PBXFileReference; lastKnownFileType = sourcecode.swift; path = MenuCommentsScreen.swift; sourceTree = "<group>"; };
		9CADC9372B28F8D600E9A243 /* MenuCommentsViewModelTests.swift */ = {isa = PBXFileReference; lastKnownFileType = sourcecode.swift; path = MenuCommentsViewModelTests.swift; sourceTree = "<group>"; };
		9CE4185D2B20F6F200781656 /* MenuItemDetailViewModelTests.swift */ = {isa = PBXFileReference; fileEncoding = 4; lastKnownFileType = sourcecode.swift; path = MenuItemDetailViewModelTests.swift; sourceTree = "<group>"; };
		9CE4185E2B20F6F200781656 /* MenuListViewModelTests.swift */ = {isa = PBXFileReference; fileEncoding = 4; lastKnownFileType = sourcecode.swift; path = MenuListViewModelTests.swift; sourceTree = "<group>"; };
		9CE418612B20F70B00781656 /* WebserviceMock.swift */ = {isa = PBXFileReference; fileEncoding = 4; lastKnownFileType = sourcecode.swift; path = WebserviceMock.swift; sourceTree = "<group>"; };
		9CF6FD422B1A45A0003B74AB /* The Menu.app */ = {isa = PBXFileReference; explicitFileType = wrapper.application; includeInIndex = 0; path = "The Menu.app"; sourceTree = BUILT_PRODUCTS_DIR; };
		9CF6FD452B1A45A0003B74AB /* The_MenuApp.swift */ = {isa = PBXFileReference; lastKnownFileType = sourcecode.swift; path = The_MenuApp.swift; sourceTree = "<group>"; };
		9CF6FD472B1A45A0003B74AB /* HomeScreen.swift */ = {isa = PBXFileReference; lastKnownFileType = sourcecode.swift; path = HomeScreen.swift; sourceTree = "<group>"; };
		9CF6FD492B1A45A2003B74AB /* Assets.xcassets */ = {isa = PBXFileReference; lastKnownFileType = folder.assetcatalog; path = Assets.xcassets; sourceTree = "<group>"; };
		9CF6FD4C2B1A45A2003B74AB /* Preview Assets.xcassets */ = {isa = PBXFileReference; lastKnownFileType = folder.assetcatalog; path = "Preview Assets.xcassets"; sourceTree = "<group>"; };
		9CF6FD712B1A45E7003B74AB /* Webservice.swift */ = {isa = PBXFileReference; lastKnownFileType = sourcecode.swift; path = Webservice.swift; sourceTree = "<group>"; };
		9CF6FD742B1A4650003B74AB /* Constants.swift */ = {isa = PBXFileReference; lastKnownFileType = sourcecode.swift; path = Constants.swift; sourceTree = "<group>"; };
		9CF6FD772B1A5A67003B74AB /* ScreenModel.swift */ = {isa = PBXFileReference; lastKnownFileType = sourcecode.swift; path = ScreenModel.swift; sourceTree = "<group>"; };
		9CF6FD7A2B1A5DD4003B74AB /* UIComponent.swift */ = {isa = PBXFileReference; lastKnownFileType = sourcecode.swift; path = UIComponent.swift; sourceTree = "<group>"; };
		9CF6FD7C2B1A5E41003B74AB /* FeaturedImageComponent.swift */ = {isa = PBXFileReference; lastKnownFileType = sourcecode.swift; path = FeaturedImageComponent.swift; sourceTree = "<group>"; };
		9CF6FD7E2B1A5ED0003B74AB /* FeatureImageUIModel.swift */ = {isa = PBXFileReference; lastKnownFileType = sourcecode.swift; path = FeatureImageUIModel.swift; sourceTree = "<group>"; };
		9CF6FD812B1A6017003B74AB /* View+Extensions.swift */ = {isa = PBXFileReference; lastKnownFileType = sourcecode.swift; path = "View+Extensions.swift"; sourceTree = "<group>"; };
		9CF6FD842B1A6101003B74AB /* MenuListViewModel.swift */ = {isa = PBXFileReference; lastKnownFileType = sourcecode.swift; path = MenuListViewModel.swift; sourceTree = "<group>"; };
		9CF6FD862B1A626A003B74AB /* Dictionary+Extensions.swift */ = {isa = PBXFileReference; lastKnownFileType = sourcecode.swift; path = "Dictionary+Extensions.swift"; sourceTree = "<group>"; };
		9CF6FD882B1A6BC6003B74AB /* menu-list.json */ = {isa = PBXFileReference; lastKnownFileType = text.json; path = "menu-list.json"; sourceTree = "<group>"; };
		9CF6FD8A2B1A6C6A003B74AB /* LocalService.swift */ = {isa = PBXFileReference; lastKnownFileType = sourcecode.swift; path = LocalService.swift; sourceTree = "<group>"; };
		9CF6FD8C2B1A6CC6003B74AB /* NetworkService.swift */ = {isa = PBXFileReference; lastKnownFileType = sourcecode.swift; path = NetworkService.swift; sourceTree = "<group>"; };
/* End PBXFileReference section */

/* Begin PBXFrameworksBuildPhase section */
		9C2FADF62B20BDD900CBFE4F /* Frameworks */ = {
			isa = PBXFrameworksBuildPhase;
			buildActionMask = 2147483647;
			files = (
			);
			runOnlyForDeploymentPostprocessing = 0;
		};
		9CF6FD3F2B1A45A0003B74AB /* Frameworks */ = {
			isa = PBXFrameworksBuildPhase;
			buildActionMask = 2147483647;
			files = (
			);
			runOnlyForDeploymentPostprocessing = 0;
		};
/* End PBXFrameworksBuildPhase section */

/* Begin PBXGroup section */
		9C2FADFA2B20BDD900CBFE4F /* TheMenuUnitTests */ = {
			isa = PBXGroup;
			children = (
				9C2FAE0A2B20F27200CBFE4F /* ViewModels */,
				9C2FAE0B2B20F28800CBFE4F /* Services */,
			);
			path = TheMenuUnitTests;
			sourceTree = "<group>";
		};
		9C2FAE0A2B20F27200CBFE4F /* ViewModels */ = {
			isa = PBXGroup;
			children = (
				9CE4185D2B20F6F200781656 /* MenuItemDetailViewModelTests.swift */,
				9CADC9372B28F8D600E9A243 /* MenuCommentsViewModelTests.swift */,
				9CE4185E2B20F6F200781656 /* MenuListViewModelTests.swift */,
			);
			path = ViewModels;
			sourceTree = "<group>";
		};
		9C2FAE0B2B20F28800CBFE4F /* Services */ = {
			isa = PBXGroup;
			children = (
				9CE418612B20F70B00781656 /* WebserviceMock.swift */,
			);
			path = Services;
			sourceTree = "<group>";
		};
		9CA8629F2B1E20A900737E46 /* Views */ = {
			isa = PBXGroup;
			children = (
				9CA862A02B1E20FF00737E46 /* CarouselView.swift */,
				9CA862B72B1F66F600737E46 /* RatingView.swift */,
			);
			path = Views;
			sourceTree = "<group>";
		};
		9CA862A22B1E3CC800737E46 /* Actions */ = {
			isa = PBXGroup;
			children = (
				9CA862A32B1E3CD500737E46 /* Action.swift */,
			);
			path = Actions;
			sourceTree = "<group>";
		};
		9CA862A52B1E3D0600737E46 /* Navigation */ = {
			isa = PBXGroup;
			children = (
				9CA862A62B1E3D2500737E46 /* Route.swift */,
				9CA862A82B1E3DBA00737E46 /* Navigator.swift */,
			);
			path = Navigation;
			sourceTree = "<group>";
		};
		9CA862AA2B1F4DF200737E46 /* Screens */ = {
			isa = PBXGroup;
			children = (
				9CA862AB2B1F4E1100737E46 /* MenuItemDetailScreen.swift */,
				9CF6FD472B1A45A0003B74AB /* HomeScreen.swift */,
				9CADC9352B28EE2B00E9A243 /* MenuCommentsScreen.swift */,
			);
			path = Screens;
			sourceTree = "<group>";
		};
		9CE418852B2101A500781656 /* Frameworks */ = {
			isa = PBXGroup;
			children = (
			);
			name = Frameworks;
			sourceTree = "<group>";
		};
		9CF6FD392B1A45A0003B74AB = {
			isa = PBXGroup;
			children = (
				9C42C4942B21F2A7009FB751 /* The Menu.xctestplan */,
				9CF6FD442B1A45A0003B74AB /* The Menu */,
				9C2FADFA2B20BDD900CBFE4F /* TheMenuUnitTests */,
				9CF6FD432B1A45A0003B74AB /* Products */,
				9CE418852B2101A500781656 /* Frameworks */,
			);
			sourceTree = "<group>";
		};
		9CF6FD432B1A45A0003B74AB /* Products */ = {
			isa = PBXGroup;
			children = (
				9CF6FD422B1A45A0003B74AB /* The Menu.app */,
				9C2FADF92B20BDD900CBFE4F /* TheMenuUnitTests.xctest */,
			);
			name = Products;
			sourceTree = "<group>";
		};
		9CF6FD442B1A45A0003B74AB /* The Menu */ = {
			isa = PBXGroup;
			children = (
				9CA862AA2B1F4DF200737E46 /* Screens */,
				9CA862A52B1E3D0600737E46 /* Navigation */,
				9CA862A22B1E3CC800737E46 /* Actions */,
				9CA8629F2B1E20A900737E46 /* Views */,
				9CF6FD832B1A60EA003B74AB /* ViewModels */,
				9CF6FD802B1A6008003B74AB /* Extensions */,
				9CF6FD792B1A5DC3003B74AB /* Components */,
				9CF6FD762B1A5A58003B74AB /* UIModels */,
				9CF6FD732B1A4640003B74AB /* Utils */,
				9CF6FD6F2B1A45C5003B74AB /* Services */,
				9CF6FD452B1A45A0003B74AB /* The_MenuApp.swift */,
				9CF6FD882B1A6BC6003B74AB /* menu-list.json */,
				9CF6FD492B1A45A2003B74AB /* Assets.xcassets */,
				9CF6FD4B2B1A45A2003B74AB /* Preview Content */,
			);
			path = "The Menu";
			sourceTree = "<group>";
		};
		9CF6FD4B2B1A45A2003B74AB /* Preview Content */ = {
			isa = PBXGroup;
			children = (
				9CF6FD4C2B1A45A2003B74AB /* Preview Assets.xcassets */,
			);
			path = "Preview Content";
			sourceTree = "<group>";
		};
		9CF6FD6F2B1A45C5003B74AB /* Services */ = {
			isa = PBXGroup;
			children = (
				9CF6FD712B1A45E7003B74AB /* Webservice.swift */,
				9CF6FD8C2B1A6CC6003B74AB /* NetworkService.swift */,
				9CF6FD8A2B1A6C6A003B74AB /* LocalService.swift */,
			);
			path = Services;
			sourceTree = "<group>";
		};
		9CF6FD732B1A4640003B74AB /* Utils */ = {
			isa = PBXGroup;
			children = (
				9CF6FD742B1A4650003B74AB /* Constants.swift */,
			);
			path = Utils;
			sourceTree = "<group>";
		};
		9CF6FD762B1A5A58003B74AB /* UIModels */ = {
			isa = PBXGroup;
			children = (
				9CF6FD772B1A5A67003B74AB /* ScreenModel.swift */,
				9CA862B92B1F955900737E46 /* ListUIModel.swift */,
				9CF6FD7E2B1A5ED0003B74AB /* FeatureImageUIModel.swift */,
				9CA862992B1E007C00737E46 /* JSON.swift */,
				9CA8629B2B1E1F1B00737E46 /* CarouselUIModel.swift */,
				9CA862AF2B1F5A1600737E46 /* TextRowUIModel.swift */,
				9CA862B32B1F64E700737E46 /* RatingUIModel.swift */,
			);
			path = UIModels;
			sourceTree = "<group>";
		};
		9CF6FD792B1A5DC3003B74AB /* Components */ = {
			isa = PBXGroup;
			children = (
				9CF6FD7A2B1A5DD4003B74AB /* UIComponent.swift */,
				9CA862BF2B1FA33300737E46 /* EmptyComponent.swift */,
				9CF6FD7C2B1A5E41003B74AB /* FeaturedImageComponent.swift */,
				9CA8629D2B1E1F4B00737E46 /* CarouselComponent.swift */,
				9CA862B12B1F5A4100737E46 /* TextRowComponent.swift */,
				9CA862B52B1F653100737E46 /* RatingComponent.swift */,
				9CA862BB2B1F977100737E46 /* ListComponent.swift */,
				9CA862BD2B1F97D800737E46 /* RowComponent.swift */,
			);
			path = Components;
			sourceTree = "<group>";
		};
		9CF6FD802B1A6008003B74AB /* Extensions */ = {
			isa = PBXGroup;
			children = (
				9CF6FD812B1A6017003B74AB /* View+Extensions.swift */,
				9CF6FD862B1A626A003B74AB /* Dictionary+Extensions.swift */,
			);
			path = Extensions;
			sourceTree = "<group>";
		};
		9CF6FD832B1A60EA003B74AB /* ViewModels */ = {
			isa = PBXGroup;
			children = (
				9CF6FD842B1A6101003B74AB /* MenuListViewModel.swift */,
				9CA862AD2B1F51DB00737E46 /* MenuItemDetailViewModel.swift */,
				9CADC9332B28EE0200E9A243 /* MenuCommentsViewModel.swift */,
			);
			path = ViewModels;
			sourceTree = "<group>";
		};
/* End PBXGroup section */

/* Begin PBXNativeTarget section */
		9C2FADF82B20BDD900CBFE4F /* TheMenuUnitTests */ = {
			isa = PBXNativeTarget;
			buildConfigurationList = 9C2FADFF2B20BDD900CBFE4F /* Build configuration list for PBXNativeTarget "TheMenuUnitTests" */;
			buildPhases = (
				9C2FADF52B20BDD900CBFE4F /* Sources */,
				9C2FADF62B20BDD900CBFE4F /* Frameworks */,
				9C2FADF72B20BDD900CBFE4F /* Resources */,
			);
			buildRules = (
			);
			dependencies = (
				9C2FADFE2B20BDD900CBFE4F /* PBXTargetDependency */,
			);
			name = TheMenuUnitTests;
			productName = TheMenuUnitTests;
			productReference = 9C2FADF92B20BDD900CBFE4F /* TheMenuUnitTests.xctest */;
			productType = "com.apple.product-type.bundle.unit-test";
		};
		9CF6FD412B1A45A0003B74AB /* The Menu */ = {
			isa = PBXNativeTarget;
			buildConfigurationList = 9CF6FD662B1A45A2003B74AB /* Build configuration list for PBXNativeTarget "The Menu" */;
			buildPhases = (
				9CF6FD3E2B1A45A0003B74AB /* Sources */,
				9CF6FD3F2B1A45A0003B74AB /* Frameworks */,
				9CF6FD402B1A45A0003B74AB /* Resources */,
			);
			buildRules = (
			);
			dependencies = (
			);
			name = "The Menu";
			packageProductDependencies = (
			);
			productName = "The Menu";
			productReference = 9CF6FD422B1A45A0003B74AB /* The Menu.app */;
			productType = "com.apple.product-type.application";
		};
/* End PBXNativeTarget section */

/* Begin PBXProject section */
		9CF6FD3A2B1A45A0003B74AB /* Project object */ = {
			isa = PBXProject;
			attributes = {
				BuildIndependentTargetsInParallel = 1;
				LastSwiftUpdateCheck = 1430;
				LastUpgradeCheck = 1430;
				TargetAttributes = {
					9C2FADF82B20BDD900CBFE4F = {
						CreatedOnToolsVersion = 14.3.1;
						TestTargetID = 9CF6FD412B1A45A0003B74AB;
					};
					9CF6FD412B1A45A0003B74AB = {
						CreatedOnToolsVersion = 14.3.1;
					};
				};
			};
			buildConfigurationList = 9CF6FD3D2B1A45A0003B74AB /* Build configuration list for PBXProject "The Menu" */;
			compatibilityVersion = "Xcode 14.0";
			developmentRegion = en;
			hasScannedForEncodings = 0;
			knownRegions = (
				en,
				Base,
			);
			mainGroup = 9CF6FD392B1A45A0003B74AB;
			packageReferences = (
			);
			productRefGroup = 9CF6FD432B1A45A0003B74AB /* Products */;
			projectDirPath = "";
			projectRoot = "";
			targets = (
				9CF6FD412B1A45A0003B74AB /* The Menu */,
				9C2FADF82B20BDD900CBFE4F /* TheMenuUnitTests */,
			);
		};
/* End PBXProject section */

/* Begin PBXResourcesBuildPhase section */
		9C2FADF72B20BDD900CBFE4F /* Resources */ = {
			isa = PBXResourcesBuildPhase;
			buildActionMask = 2147483647;
			files = (
			);
			runOnlyForDeploymentPostprocessing = 0;
		};
		9CF6FD402B1A45A0003B74AB /* Resources */ = {
			isa = PBXResourcesBuildPhase;
			buildActionMask = 2147483647;
			files = (
				9CF6FD4D2B1A45A2003B74AB /* Preview Assets.xcassets in Resources */,
				9CF6FD892B1A6BC6003B74AB /* menu-list.json in Resources */,
				9CF6FD4A2B1A45A2003B74AB /* Assets.xcassets in Resources */,
			);
			runOnlyForDeploymentPostprocessing = 0;
		};
/* End PBXResourcesBuildPhase section */

/* Begin PBXSourcesBuildPhase section */
		9C2FADF52B20BDD900CBFE4F /* Sources */ = {
			isa = PBXSourcesBuildPhase;
			buildActionMask = 2147483647;
			files = (
				9CE418622B20F70B00781656 /* WebserviceMock.swift in Sources */,
				9CE4185F2B20F6F200781656 /* MenuItemDetailViewModelTests.swift in Sources */,
				9CADC9382B28F8D600E9A243 /* MenuCommentsViewModelTests.swift in Sources */,
				9CE418602B20F6F200781656 /* MenuListViewModelTests.swift in Sources */,
			);
			runOnlyForDeploymentPostprocessing = 0;
		};
		9CF6FD3E2B1A45A0003B74AB /* Sources */ = {
			isa = PBXSourcesBuildPhase;
			buildActionMask = 2147483647;
			files = (
				9CF6FD482B1A45A0003B74AB /* HomeScreen.swift in Sources */,
				9CA862B22B1F5A4100737E46 /* TextRowComponent.swift in Sources */,
				9CA862B02B1F5A1600737E46 /* TextRowUIModel.swift in Sources */,
				9CA862B82B1F66F600737E46 /* RatingView.swift in Sources */,
				9CA862A92B1E3DBA00737E46 /* Navigator.swift in Sources */,
				9CADC9362B28EE2B00E9A243 /* MenuCommentsScreen.swift in Sources */,
				9CA862A42B1E3CD500737E46 /* Action.swift in Sources */,
				9CA8629A2B1E007C00737E46 /* JSON.swift in Sources */,
				9CA862BA2B1F955900737E46 /* ListUIModel.swift in Sources */,
				9CA862BE2B1F97D800737E46 /* RowComponent.swift in Sources */,
				9CF6FD822B1A6017003B74AB /* View+Extensions.swift in Sources */,
				9CA8629E2B1E1F4B00737E46 /* CarouselComponent.swift in Sources */,
				9CF6FD7B2B1A5DD4003B74AB /* UIComponent.swift in Sources */,
				9CF6FD7F2B1A5ED0003B74AB /* FeatureImageUIModel.swift in Sources */,
				9CA862C02B1FA33300737E46 /* EmptyComponent.swift in Sources */,
				9CF6FD7D2B1A5E41003B74AB /* FeaturedImageComponent.swift in Sources */,
				9CA862A12B1E20FF00737E46 /* CarouselView.swift in Sources */,
				9CF6FD8B2B1A6C6A003B74AB /* LocalService.swift in Sources */,
				9CF6FD782B1A5A68003B74AB /* ScreenModel.swift in Sources */,
				9CA862B42B1F64E700737E46 /* RatingUIModel.swift in Sources */,
				9CF6FD462B1A45A0003B74AB /* The_MenuApp.swift in Sources */,
				9CA8629C2B1E1F1B00737E46 /* CarouselUIModel.swift in Sources */,
				9CF6FD722B1A45E7003B74AB /* Webservice.swift in Sources */,
				9CF6FD752B1A4650003B74AB /* Constants.swift in Sources */,
				9CA862BC2B1F977100737E46 /* ListComponent.swift in Sources */,
				9CF6FD852B1A6101003B74AB /* MenuListViewModel.swift in Sources */,
				9CA862AE2B1F51DB00737E46 /* MenuItemDetailViewModel.swift in Sources */,
				9CF6FD8D2B1A6CC6003B74AB /* NetworkService.swift in Sources */,
				9CA862B62B1F653100737E46 /* RatingComponent.swift in Sources */,
				9CF6FD872B1A626A003B74AB /* Dictionary+Extensions.swift in Sources */,
				9CADC9342B28EE0200E9A243 /* MenuCommentsViewModel.swift in Sources */,
				9CA862AC2B1F4E1100737E46 /* MenuItemDetailScreen.swift in Sources */,
				9CA862A72B1E3D2500737E46 /* Route.swift in Sources */,
			);
			runOnlyForDeploymentPostprocessing = 0;
		};
/* End PBXSourcesBuildPhase section */

/* Begin PBXTargetDependency section */
		9C2FADFE2B20BDD900CBFE4F /* PBXTargetDependency */ = {
			isa = PBXTargetDependency;
			target = 9CF6FD412B1A45A0003B74AB /* The Menu */;
			targetProxy = 9C2FADFD2B20BDD900CBFE4F /* PBXContainerItemProxy */;
		};
/* End PBXTargetDependency section */

/* Begin XCBuildConfiguration section */
		9C2FAE002B20BDD900CBFE4F /* Debug */ = {
			isa = XCBuildConfiguration;
			buildSettings = {
				BUNDLE_LOADER = "$(TEST_HOST)";
				CODE_SIGN_STYLE = Automatic;
				CURRENT_PROJECT_VERSION = 1;
				GENERATE_INFOPLIST_FILE = YES;
				MARKETING_VERSION = 1.0;
				PRODUCT_BUNDLE_IDENTIFIER = "com.vitor.pires.the-menu.TheMenuUnitTests";
				PRODUCT_NAME = "$(TARGET_NAME)";
				SWIFT_EMIT_LOC_STRINGS = NO;
				SWIFT_VERSION = 5.0;
				TARGETED_DEVICE_FAMILY = "1,2";
				TEST_HOST = "$(BUILT_PRODUCTS_DIR)/The Menu.app/$(BUNDLE_EXECUTABLE_FOLDER_PATH)/The Menu";
			};
			name = Debug;
		};
		9C2FAE012B20BDD900CBFE4F /* Release */ = {
			isa = XCBuildConfiguration;
			buildSettings = {
				BUNDLE_LOADER = "$(TEST_HOST)";
				CODE_SIGN_STYLE = Automatic;
				CURRENT_PROJECT_VERSION = 1;
				GENERATE_INFOPLIST_FILE = YES;
				MARKETING_VERSION = 1.0;
				PRODUCT_BUNDLE_IDENTIFIER = "com.vitor.pires.the-menu.TheMenuUnitTests";
				PRODUCT_NAME = "$(TARGET_NAME)";
				SWIFT_EMIT_LOC_STRINGS = NO;
				SWIFT_VERSION = 5.0;
				TARGETED_DEVICE_FAMILY = "1,2";
				TEST_HOST = "$(BUILT_PRODUCTS_DIR)/The Menu.app/$(BUNDLE_EXECUTABLE_FOLDER_PATH)/The Menu";
			};
			name = Release;
		};
		9CF6FD642B1A45A2003B74AB /* Debug */ = {
			isa = XCBuildConfiguration;
			buildSettings = {
				ALWAYS_SEARCH_USER_PATHS = NO;
				CLANG_ANALYZER_NONNULL = YES;
				CLANG_ANALYZER_NUMBER_OBJECT_CONVERSION = YES_AGGRESSIVE;
				CLANG_CXX_LANGUAGE_STANDARD = "gnu++20";
				CLANG_ENABLE_MODULES = YES;
				CLANG_ENABLE_OBJC_ARC = YES;
				CLANG_ENABLE_OBJC_WEAK = YES;
				CLANG_WARN_BLOCK_CAPTURE_AUTORELEASING = YES;
				CLANG_WARN_BOOL_CONVERSION = YES;
				CLANG_WARN_COMMA = YES;
				CLANG_WARN_CONSTANT_CONVERSION = YES;
				CLANG_WARN_DEPRECATED_OBJC_IMPLEMENTATIONS = YES;
				CLANG_WARN_DIRECT_OBJC_ISA_USAGE = YES_ERROR;
				CLANG_WARN_DOCUMENTATION_COMMENTS = YES;
				CLANG_WARN_EMPTY_BODY = YES;
				CLANG_WARN_ENUM_CONVERSION = YES;
				CLANG_WARN_INFINITE_RECURSION = YES;
				CLANG_WARN_INT_CONVERSION = YES;
				CLANG_WARN_NON_LITERAL_NULL_CONVERSION = YES;
				CLANG_WARN_OBJC_IMPLICIT_RETAIN_SELF = YES;
				CLANG_WARN_OBJC_LITERAL_CONVERSION = YES;
				CLANG_WARN_OBJC_ROOT_CLASS = YES_ERROR;
				CLANG_WARN_QUOTED_INCLUDE_IN_FRAMEWORK_HEADER = YES;
				CLANG_WARN_RANGE_LOOP_ANALYSIS = YES;
				CLANG_WARN_STRICT_PROTOTYPES = YES;
				CLANG_WARN_SUSPICIOUS_MOVE = YES;
				CLANG_WARN_UNGUARDED_AVAILABILITY = YES_AGGRESSIVE;
				CLANG_WARN_UNREACHABLE_CODE = YES;
				CLANG_WARN__DUPLICATE_METHOD_MATCH = YES;
				COPY_PHASE_STRIP = NO;
				DEBUG_INFORMATION_FORMAT = dwarf;
				ENABLE_STRICT_OBJC_MSGSEND = YES;
				ENABLE_TESTABILITY = YES;
				GCC_C_LANGUAGE_STANDARD = gnu11;
				GCC_DYNAMIC_NO_PIC = NO;
				GCC_NO_COMMON_BLOCKS = YES;
				GCC_OPTIMIZATION_LEVEL = 0;
				GCC_PREPROCESSOR_DEFINITIONS = (
					"DEBUG=1",
					"$(inherited)",
				);
				GCC_WARN_64_TO_32_BIT_CONVERSION = YES;
				GCC_WARN_ABOUT_RETURN_TYPE = YES_ERROR;
				GCC_WARN_UNDECLARED_SELECTOR = YES;
				GCC_WARN_UNINITIALIZED_AUTOS = YES_AGGRESSIVE;
				GCC_WARN_UNUSED_FUNCTION = YES;
				GCC_WARN_UNUSED_VARIABLE = YES;
				IPHONEOS_DEPLOYMENT_TARGET = 16.4;
				MTL_ENABLE_DEBUG_INFO = INCLUDE_SOURCE;
				MTL_FAST_MATH = YES;
				ONLY_ACTIVE_ARCH = YES;
				SDKROOT = iphoneos;
				SWIFT_ACTIVE_COMPILATION_CONDITIONS = DEBUG;
				SWIFT_OPTIMIZATION_LEVEL = "-Onone";
			};
			name = Debug;
		};
		9CF6FD652B1A45A2003B74AB /* Release */ = {
			isa = XCBuildConfiguration;
			buildSettings = {
				ALWAYS_SEARCH_USER_PATHS = NO;
				CLANG_ANALYZER_NONNULL = YES;
				CLANG_ANALYZER_NUMBER_OBJECT_CONVERSION = YES_AGGRESSIVE;
				CLANG_CXX_LANGUAGE_STANDARD = "gnu++20";
				CLANG_ENABLE_MODULES = YES;
				CLANG_ENABLE_OBJC_ARC = YES;
				CLANG_ENABLE_OBJC_WEAK = YES;
				CLANG_WARN_BLOCK_CAPTURE_AUTORELEASING = YES;
				CLANG_WARN_BOOL_CONVERSION = YES;
				CLANG_WARN_COMMA = YES;
				CLANG_WARN_CONSTANT_CONVERSION = YES;
				CLANG_WARN_DEPRECATED_OBJC_IMPLEMENTATIONS = YES;
				CLANG_WARN_DIRECT_OBJC_ISA_USAGE = YES_ERROR;
				CLANG_WARN_DOCUMENTATION_COMMENTS = YES;
				CLANG_WARN_EMPTY_BODY = YES;
				CLANG_WARN_ENUM_CONVERSION = YES;
				CLANG_WARN_INFINITE_RECURSION = YES;
				CLANG_WARN_INT_CONVERSION = YES;
				CLANG_WARN_NON_LITERAL_NULL_CONVERSION = YES;
				CLANG_WARN_OBJC_IMPLICIT_RETAIN_SELF = YES;
				CLANG_WARN_OBJC_LITERAL_CONVERSION = YES;
				CLANG_WARN_OBJC_ROOT_CLASS = YES_ERROR;
				CLANG_WARN_QUOTED_INCLUDE_IN_FRAMEWORK_HEADER = YES;
				CLANG_WARN_RANGE_LOOP_ANALYSIS = YES;
				CLANG_WARN_STRICT_PROTOTYPES = YES;
				CLANG_WARN_SUSPICIOUS_MOVE = YES;
				CLANG_WARN_UNGUARDED_AVAILABILITY = YES_AGGRESSIVE;
				CLANG_WARN_UNREACHABLE_CODE = YES;
				CLANG_WARN__DUPLICATE_METHOD_MATCH = YES;
				COPY_PHASE_STRIP = NO;
				DEBUG_INFORMATION_FORMAT = "dwarf-with-dsym";
				ENABLE_NS_ASSERTIONS = NO;
				ENABLE_STRICT_OBJC_MSGSEND = YES;
				GCC_C_LANGUAGE_STANDARD = gnu11;
				GCC_NO_COMMON_BLOCKS = YES;
				GCC_WARN_64_TO_32_BIT_CONVERSION = YES;
				GCC_WARN_ABOUT_RETURN_TYPE = YES_ERROR;
				GCC_WARN_UNDECLARED_SELECTOR = YES;
				GCC_WARN_UNINITIALIZED_AUTOS = YES_AGGRESSIVE;
				GCC_WARN_UNUSED_FUNCTION = YES;
				GCC_WARN_UNUSED_VARIABLE = YES;
				IPHONEOS_DEPLOYMENT_TARGET = 16.4;
				MTL_ENABLE_DEBUG_INFO = NO;
				MTL_FAST_MATH = YES;
				SDKROOT = iphoneos;
				SWIFT_COMPILATION_MODE = wholemodule;
				SWIFT_OPTIMIZATION_LEVEL = "-O";
				VALIDATE_PRODUCT = YES;
			};
			name = Release;
		};
		9CF6FD672B1A45A2003B74AB /* Debug */ = {
			isa = XCBuildConfiguration;
			buildSettings = {
				ASSETCATALOG_COMPILER_APPICON_NAME = AppIcon;
				ASSETCATALOG_COMPILER_GLOBAL_ACCENT_COLOR_NAME = AccentColor;
				CODE_SIGN_STYLE = Automatic;
				CURRENT_PROJECT_VERSION = 1;
				DEVELOPMENT_ASSET_PATHS = "\"The Menu/Preview Content\"";
				ENABLE_PREVIEWS = YES;
				GENERATE_INFOPLIST_FILE = YES;
				INFOPLIST_KEY_UIApplicationSceneManifest_Generation = YES;
				INFOPLIST_KEY_UIApplicationSupportsIndirectInputEvents = YES;
				INFOPLIST_KEY_UILaunchScreen_Generation = YES;
				INFOPLIST_KEY_UISupportedInterfaceOrientations_iPad = "UIInterfaceOrientationPortrait UIInterfaceOrientationPortraitUpsideDown UIInterfaceOrientationLandscapeLeft UIInterfaceOrientationLandscapeRight";
				INFOPLIST_KEY_UISupportedInterfaceOrientations_iPhone = "UIInterfaceOrientationPortrait UIInterfaceOrientationLandscapeLeft UIInterfaceOrientationLandscapeRight";
				LD_RUNPATH_SEARCH_PATHS = (
					"$(inherited)",
					"@executable_path/Frameworks",
				);
				MARKETING_VERSION = 1.0;
				PRODUCT_BUNDLE_IDENTIFIER = "com.vitor.pires.the-menu.The-Menu";
				PRODUCT_NAME = "$(TARGET_NAME)";
				SWIFT_EMIT_LOC_STRINGS = YES;
				SWIFT_VERSION = 5.0;
				TARGETED_DEVICE_FAMILY = "1,2";
			};
			name = Debug;
		};
		9CF6FD682B1A45A2003B74AB /* Release */ = {
			isa = XCBuildConfiguration;
			buildSettings = {
				ASSETCATALOG_COMPILER_APPICON_NAME = AppIcon;
				ASSETCATALOG_COMPILER_GLOBAL_ACCENT_COLOR_NAME = AccentColor;
				CODE_SIGN_STYLE = Automatic;
				CURRENT_PROJECT_VERSION = 1;
				DEVELOPMENT_ASSET_PATHS = "\"The Menu/Preview Content\"";
				ENABLE_PREVIEWS = YES;
				GENERATE_INFOPLIST_FILE = YES;
				INFOPLIST_KEY_UIApplicationSceneManifest_Generation = YES;
				INFOPLIST_KEY_UIApplicationSupportsIndirectInputEvents = YES;
				INFOPLIST_KEY_UILaunchScreen_Generation = YES;
				INFOPLIST_KEY_UISupportedInterfaceOrientations_iPad = "UIInterfaceOrientationPortrait UIInterfaceOrientationPortraitUpsideDown UIInterfaceOrientationLandscapeLeft UIInterfaceOrientationLandscapeRight";
				INFOPLIST_KEY_UISupportedInterfaceOrientations_iPhone = "UIInterfaceOrientationPortrait UIInterfaceOrientationLandscapeLeft UIInterfaceOrientationLandscapeRight";
				LD_RUNPATH_SEARCH_PATHS = (
					"$(inherited)",
					"@executable_path/Frameworks",
				);
				MARKETING_VERSION = 1.0;
				PRODUCT_BUNDLE_IDENTIFIER = "com.vitor.pires.the-menu.The-Menu";
				PRODUCT_NAME = "$(TARGET_NAME)";
				SWIFT_EMIT_LOC_STRINGS = YES;
				SWIFT_VERSION = 5.0;
				TARGETED_DEVICE_FAMILY = "1,2";
			};
			name = Release;
		};
/* End XCBuildConfiguration section */

/* Begin XCConfigurationList section */
		9C2FADFF2B20BDD900CBFE4F /* Build configuration list for PBXNativeTarget "TheMenuUnitTests" */ = {
			isa = XCConfigurationList;
			buildConfigurations = (
				9C2FAE002B20BDD900CBFE4F /* Debug */,
				9C2FAE012B20BDD900CBFE4F /* Release */,
			);
			defaultConfigurationIsVisible = 0;
			defaultConfigurationName = Release;
		};
		9CF6FD3D2B1A45A0003B74AB /* Build configuration list for PBXProject "The Menu" */ = {
			isa = XCConfigurationList;
			buildConfigurations = (
				9CF6FD642B1A45A2003B74AB /* Debug */,
				9CF6FD652B1A45A2003B74AB /* Release */,
			);
			defaultConfigurationIsVisible = 0;
			defaultConfigurationName = Release;
		};
		9CF6FD662B1A45A2003B74AB /* Build configuration list for PBXNativeTarget "The Menu" */ = {
			isa = XCConfigurationList;
			buildConfigurations = (
				9CF6FD672B1A45A2003B74AB /* Debug */,
				9CF6FD682B1A45A2003B74AB /* Release */,
			);
			defaultConfigurationIsVisible = 0;
			defaultConfigurationName = Release;
		};
/* End XCConfigurationList section */
	};
	rootObject = 9CF6FD3A2B1A45A0003B74AB /* Project object */;
}
