// !$*UTF8*$!
{
	archiveVersion = 1;
	classes = {
	};
	objectVersion = 56;
	objects = {

/* Begin PBXBuildFile section */
		9C766CB22B30AC2E00A57EBD /* GetMenuItemDetailScreenModelUseCaseImplTests.swift in Sources */ = {isa = PBXBuildFile; fileRef = 9C766CB12B30AC2E00A57EBD /* GetMenuItemDetailScreenModelUseCaseImplTests.swift */; };
		9C766CB42B30AD8A00A57EBD /* GetMenuCommentsScreenModelUseCaseImplTests.swift in Sources */ = {isa = PBXBuildFile; fileRef = 9C766CB32B30AD8A00A57EBD /* GetMenuCommentsScreenModelUseCaseImplTests.swift */; };
		9C766CB72B30AE1600A57EBD /* StubsFactories.swift in Sources */ = {isa = PBXBuildFile; fileRef = 9C766CB62B30AE1600A57EBD /* StubsFactories.swift */; };
		9C766CBC2B30B03100A57EBD /* MenuListViewModelImplTests.swift in Sources */ = {isa = PBXBuildFile; fileRef = 9C766CBB2B30B03100A57EBD /* MenuListViewModelImplTests.swift */; };
		9C766CBF2B30B16500A57EBD /* GetMenuListScreenModelUseCaseMock.swift in Sources */ = {isa = PBXBuildFile; fileRef = 9C766CBE2B30B16500A57EBD /* GetMenuListScreenModelUseCaseMock.swift */; };
		9C766CC12B30B85D00A57EBD /* MenuListViewTests.swift in Sources */ = {isa = PBXBuildFile; fileRef = 9C766CC02B30B85D00A57EBD /* MenuListViewTests.swift */; };
		9C766CC42B30C12E00A57EBD /* MenuListViewModelSpy.swift in Sources */ = {isa = PBXBuildFile; fileRef = 9C766CC32B30C12E00A57EBD /* MenuListViewModelSpy.swift */; };
		9C766CC72B30C17700A57EBD /* GetMenuItemDetailScreenModelUseCaseMock.swift in Sources */ = {isa = PBXBuildFile; fileRef = 9C766CC62B30C17700A57EBD /* GetMenuItemDetailScreenModelUseCaseMock.swift */; };
		9C766CC92B30C20F00A57EBD /* MenuItemDetailViewModelSpy.swift in Sources */ = {isa = PBXBuildFile; fileRef = 9C766CC82B30C20F00A57EBD /* MenuItemDetailViewModelSpy.swift */; };
		9C766CCB2B30C23000A57EBD /* MenuItemDetailViewModelImplTests.swift in Sources */ = {isa = PBXBuildFile; fileRef = 9C766CCA2B30C23000A57EBD /* MenuItemDetailViewModelImplTests.swift */; };
		9C766CCD2B30C36900A57EBD /* MenuItemDetailViewTests.swift in Sources */ = {isa = PBXBuildFile; fileRef = 9C766CCC2B30C36900A57EBD /* MenuItemDetailViewTests.swift */; };
		9C766CD12B30C75C00A57EBD /* GetMenuCommentsScreenModelUseCaseMock.swift in Sources */ = {isa = PBXBuildFile; fileRef = 9C766CD02B30C75C00A57EBD /* GetMenuCommentsScreenModelUseCaseMock.swift */; };
		9C766CD32B30C78300A57EBD /* MenuCommentsViewModelSpy.swift in Sources */ = {isa = PBXBuildFile; fileRef = 9C766CD22B30C78300A57EBD /* MenuCommentsViewModelSpy.swift */; };
		9C766CD52B30C7A800A57EBD /* MenuCommentsViewModelImplTests.swift in Sources */ = {isa = PBXBuildFile; fileRef = 9C766CD42B30C7A800A57EBD /* MenuCommentsViewModelImplTests.swift */; };
		9C766CD72B30C7E100A57EBD /* MenuCommentsViewTests.swift in Sources */ = {isa = PBXBuildFile; fileRef = 9C766CD62B30C7E100A57EBD /* MenuCommentsViewTests.swift */; };
		9C8C64F22B337707009B2AE1 /* TheMenuSplashScreenView.swift in Sources */ = {isa = PBXBuildFile; fileRef = 9C8C64F02B3375B1009B2AE1 /* TheMenuSplashScreenView.swift */; };
		9C8C64F52B3377BD009B2AE1 /* Lottie in Frameworks */ = {isa = PBXBuildFile; productRef = 9C8C64F42B3377BD009B2AE1 /* Lottie */; };
		9C8C64FB2B338064009B2AE1 /* LottieView.swift in Sources */ = {isa = PBXBuildFile; fileRef = 9C8C64FA2B338064009B2AE1 /* LottieView.swift */; };
		9C8C64FD2B338218009B2AE1 /* splash_screen_food_animation.json in Resources */ = {isa = PBXBuildFile; fileRef = 9C8C64FC2B338218009B2AE1 /* splash_screen_food_animation.json */; };
		9C8C65002B36404A009B2AE1 /* ScreenModelRepositoryImplTests.swift in Sources */ = {isa = PBXBuildFile; fileRef = 9C8C64FF2B36404A009B2AE1 /* ScreenModelRepositoryImplTests.swift */; };
		9C8C65032B376BFD009B2AE1 /* UrlProtocolMock.swift in Sources */ = {isa = PBXBuildFile; fileRef = 9C8C65022B376BFD009B2AE1 /* UrlProtocolMock.swift */; };
		9C8F82842B2C9B37003C2DEE /* ComponentError.swift in Sources */ = {isa = PBXBuildFile; fileRef = 9C8F82832B2C9B37003C2DEE /* ComponentError.swift */; };
		9C8F82862B2C9FB7003C2DEE /* ComponentType.swift in Sources */ = {isa = PBXBuildFile; fileRef = 9C8F82852B2C9FB7003C2DEE /* ComponentType.swift */; };
		9C8F82892B2CB652003C2DEE /* NetworkError.swift in Sources */ = {isa = PBXBuildFile; fileRef = 9C8F82882B2CB652003C2DEE /* NetworkError.swift */; };
		9C8F828E2B2CB768003C2DEE /* GetMenuListScreenModelUseCase.swift in Sources */ = {isa = PBXBuildFile; fileRef = 9C8F828D2B2CB768003C2DEE /* GetMenuListScreenModelUseCase.swift */; };
		9C8F82922B2CB871003C2DEE /* ScreenModelResponse.swift in Sources */ = {isa = PBXBuildFile; fileRef = 9C8F82912B2CB871003C2DEE /* ScreenModelResponse.swift */; };
		9C8F82942B2CC2C0003C2DEE /* ScreenModelResponse+Mapper.swift in Sources */ = {isa = PBXBuildFile; fileRef = 9C8F82932B2CC2BF003C2DEE /* ScreenModelResponse+Mapper.swift */; };
		9C8F82972B2CC327003C2DEE /* ScreenModelData.swift in Sources */ = {isa = PBXBuildFile; fileRef = 9C8F82962B2CC327003C2DEE /* ScreenModelData.swift */; };
		9C8F829F2B2CC58C003C2DEE /* GetMenuListScreenModelUseCaseImpl.swift in Sources */ = {isa = PBXBuildFile; fileRef = 9C8F829E2B2CC58C003C2DEE /* GetMenuListScreenModelUseCaseImpl.swift */; };
		9C8F82A72B2CC87B003C2DEE /* MenuListViewModel.swift in Sources */ = {isa = PBXBuildFile; fileRef = 9C8F82A62B2CC87B003C2DEE /* MenuListViewModel.swift */; };
		9C8F82AE2B2CF10E003C2DEE /* MenuItemDetailViewModelImpl.swift in Sources */ = {isa = PBXBuildFile; fileRef = 9C8F82AD2B2CF10E003C2DEE /* MenuItemDetailViewModelImpl.swift */; };
		9C8F82B12B2CF1FF003C2DEE /* MenuListViewFactory.swift in Sources */ = {isa = PBXBuildFile; fileRef = 9C8F82B02B2CF1FF003C2DEE /* MenuListViewFactory.swift */; };
		9C8F82B32B2CF760003C2DEE /* MenuItemDetailViewFactory.swift in Sources */ = {isa = PBXBuildFile; fileRef = 9C8F82B22B2CF760003C2DEE /* MenuItemDetailViewFactory.swift */; };
		9C8F82B62B3070B5003C2DEE /* MenuCommentsViewModelImpl.swift in Sources */ = {isa = PBXBuildFile; fileRef = 9C8F82B52B3070B5003C2DEE /* MenuCommentsViewModelImpl.swift */; };
		9C8F82B82B307136003C2DEE /* MenuCommentsViewFactory.swift in Sources */ = {isa = PBXBuildFile; fileRef = 9C8F82B72B307136003C2DEE /* MenuCommentsViewFactory.swift */; };
		9C8F82C02B307873003C2DEE /* GetMenuItemDetailScreenModelUseCase.swift in Sources */ = {isa = PBXBuildFile; fileRef = 9C8F82BF2B307873003C2DEE /* GetMenuItemDetailScreenModelUseCase.swift */; };
		9C8F82C22B3078A7003C2DEE /* GetMenuItemDetailScreenModelUseCaseImpl.swift in Sources */ = {isa = PBXBuildFile; fileRef = 9C8F82C12B3078A7003C2DEE /* GetMenuItemDetailScreenModelUseCaseImpl.swift */; };
		9C8F82C82B307ADF003C2DEE /* GetMenuCommentsScreenModelUseCase.swift in Sources */ = {isa = PBXBuildFile; fileRef = 9C8F82C72B307ADF003C2DEE /* GetMenuCommentsScreenModelUseCase.swift */; };
		9C8F82CA2B307AF9003C2DEE /* GetMenuCommentsScreenModelUseCaseImpl.swift in Sources */ = {isa = PBXBuildFile; fileRef = 9C8F82C92B307AF9003C2DEE /* GetMenuCommentsScreenModelUseCaseImpl.swift */; };
		9C8F82CF2B308533003C2DEE /* ScreenModelRepository.swift in Sources */ = {isa = PBXBuildFile; fileRef = 9C8F82CE2B308533003C2DEE /* ScreenModelRepository.swift */; };
		9C8F82D12B308570003C2DEE /* ScreenModelRepositoryImpl.swift in Sources */ = {isa = PBXBuildFile; fileRef = 9C8F82D02B308570003C2DEE /* ScreenModelRepositoryImpl.swift */; };
		9C8F82D62B308962003C2DEE /* GetMenuListScreenModelUseCaseImplTests.swift in Sources */ = {isa = PBXBuildFile; fileRef = 9C8F82D52B308962003C2DEE /* GetMenuListScreenModelUseCaseImplTests.swift */; };
		9C8F82D82B308A04003C2DEE /* ScreenModelRepositoryMock.swift in Sources */ = {isa = PBXBuildFile; fileRef = 9C8F82D72B308A04003C2DEE /* ScreenModelRepositoryMock.swift */; };
		9CA8629A2B1E007C00737E46 /* JSON.swift in Sources */ = {isa = PBXBuildFile; fileRef = 9CA862992B1E007C00737E46 /* JSON.swift */; };
		9CA8629C2B1E1F1B00737E46 /* CarouselUIModel.swift in Sources */ = {isa = PBXBuildFile; fileRef = 9CA8629B2B1E1F1B00737E46 /* CarouselUIModel.swift */; };
		9CA8629E2B1E1F4B00737E46 /* CarouselComponent.swift in Sources */ = {isa = PBXBuildFile; fileRef = 9CA8629D2B1E1F4B00737E46 /* CarouselComponent.swift */; };
		9CA862A12B1E20FF00737E46 /* CarouselView.swift in Sources */ = {isa = PBXBuildFile; fileRef = 9CA862A02B1E20FF00737E46 /* CarouselView.swift */; };
		9CA862A42B1E3CD500737E46 /* Action.swift in Sources */ = {isa = PBXBuildFile; fileRef = 9CA862A32B1E3CD500737E46 /* Action.swift */; };
		9CA862A72B1E3D2500737E46 /* Route.swift in Sources */ = {isa = PBXBuildFile; fileRef = 9CA862A62B1E3D2500737E46 /* Route.swift */; };
		9CA862A92B1E3DBA00737E46 /* Navigator.swift in Sources */ = {isa = PBXBuildFile; fileRef = 9CA862A82B1E3DBA00737E46 /* Navigator.swift */; };
		9CA862AC2B1F4E1100737E46 /* MenuItemDetailView.swift in Sources */ = {isa = PBXBuildFile; fileRef = 9CA862AB2B1F4E1100737E46 /* MenuItemDetailView.swift */; };
		9CA862AE2B1F51DB00737E46 /* MenuItemDetailViewModel.swift in Sources */ = {isa = PBXBuildFile; fileRef = 9CA862AD2B1F51DB00737E46 /* MenuItemDetailViewModel.swift */; };
		9CA862B02B1F5A1600737E46 /* TextRowUIModel.swift in Sources */ = {isa = PBXBuildFile; fileRef = 9CA862AF2B1F5A1600737E46 /* TextRowUIModel.swift */; };
		9CA862B22B1F5A4100737E46 /* TextRowComponent.swift in Sources */ = {isa = PBXBuildFile; fileRef = 9CA862B12B1F5A4100737E46 /* TextRowComponent.swift */; };
		9CA862B42B1F64E700737E46 /* RatingUIModel.swift in Sources */ = {isa = PBXBuildFile; fileRef = 9CA862B32B1F64E700737E46 /* RatingUIModel.swift */; };
		9CA862B62B1F653100737E46 /* RatingComponent.swift in Sources */ = {isa = PBXBuildFile; fileRef = 9CA862B52B1F653100737E46 /* RatingComponent.swift */; };
		9CA862B82B1F66F600737E46 /* RatingView.swift in Sources */ = {isa = PBXBuildFile; fileRef = 9CA862B72B1F66F600737E46 /* RatingView.swift */; };
		9CA862BA2B1F955900737E46 /* ListUIModel.swift in Sources */ = {isa = PBXBuildFile; fileRef = 9CA862B92B1F955900737E46 /* ListUIModel.swift */; };
		9CA862BC2B1F977100737E46 /* ListComponent.swift in Sources */ = {isa = PBXBuildFile; fileRef = 9CA862BB2B1F977100737E46 /* ListComponent.swift */; };
		9CA862BE2B1F97D800737E46 /* RowComponent.swift in Sources */ = {isa = PBXBuildFile; fileRef = 9CA862BD2B1F97D800737E46 /* RowComponent.swift */; };
		9CA862C02B1FA33300737E46 /* EmptyComponent.swift in Sources */ = {isa = PBXBuildFile; fileRef = 9CA862BF2B1FA33300737E46 /* EmptyComponent.swift */; };
		9CADC9342B28EE0200E9A243 /* MenuCommentsViewModel.swift in Sources */ = {isa = PBXBuildFile; fileRef = 9CADC9332B28EE0200E9A243 /* MenuCommentsViewModel.swift */; };
		9CADC9362B28EE2B00E9A243 /* MenuCommentsView.swift in Sources */ = {isa = PBXBuildFile; fileRef = 9CADC9352B28EE2B00E9A243 /* MenuCommentsView.swift */; };
		9CADC93A2B29DC5A00E9A243 /* CommentListUIModel.swift in Sources */ = {isa = PBXBuildFile; fileRef = 9CADC9392B29DC5A00E9A243 /* CommentListUIModel.swift */; };
		9CADC93C2B29DCCE00E9A243 /* CommentComponent.swift in Sources */ = {isa = PBXBuildFile; fileRef = 9CADC93B2B29DCCE00E9A243 /* CommentComponent.swift */; };
		9CADC93E2B29DCE800E9A243 /* CommentListComponent.swift in Sources */ = {isa = PBXBuildFile; fileRef = 9CADC93D2B29DCE800E9A243 /* CommentListComponent.swift */; };
		9CAFC8582B41C2C600FBCAF7 /* SheetView.swift in Sources */ = {isa = PBXBuildFile; fileRef = 9CAFC8572B41C2C600FBCAF7 /* SheetView.swift */; };
		9CF6FD462B1A45A0003B74AB /* The_MenuApp.swift in Sources */ = {isa = PBXBuildFile; fileRef = 9CF6FD452B1A45A0003B74AB /* The_MenuApp.swift */; };
		9CF6FD482B1A45A0003B74AB /* MenuListView.swift in Sources */ = {isa = PBXBuildFile; fileRef = 9CF6FD472B1A45A0003B74AB /* MenuListView.swift */; };
		9CF6FD4A2B1A45A2003B74AB /* Assets.xcassets in Resources */ = {isa = PBXBuildFile; fileRef = 9CF6FD492B1A45A2003B74AB /* Assets.xcassets */; };
		9CF6FD4D2B1A45A2003B74AB /* Preview Assets.xcassets in Resources */ = {isa = PBXBuildFile; fileRef = 9CF6FD4C2B1A45A2003B74AB /* Preview Assets.xcassets */; };
		9CF6FD752B1A4650003B74AB /* Constants.swift in Sources */ = {isa = PBXBuildFile; fileRef = 9CF6FD742B1A4650003B74AB /* Constants.swift */; };
		9CF6FD7B2B1A5DD4003B74AB /* UIComponent.swift in Sources */ = {isa = PBXBuildFile; fileRef = 9CF6FD7A2B1A5DD4003B74AB /* UIComponent.swift */; };
		9CF6FD7D2B1A5E41003B74AB /* FeaturedImageComponent.swift in Sources */ = {isa = PBXBuildFile; fileRef = 9CF6FD7C2B1A5E41003B74AB /* FeaturedImageComponent.swift */; };
		9CF6FD7F2B1A5ED0003B74AB /* FeatureImageUIModel.swift in Sources */ = {isa = PBXBuildFile; fileRef = 9CF6FD7E2B1A5ED0003B74AB /* FeatureImageUIModel.swift */; };
		9CF6FD822B1A6017003B74AB /* View+Extensions.swift in Sources */ = {isa = PBXBuildFile; fileRef = 9CF6FD812B1A6017003B74AB /* View+Extensions.swift */; };
		9CF6FD852B1A6101003B74AB /* MenuListViewModelImpl.swift in Sources */ = {isa = PBXBuildFile; fileRef = 9CF6FD842B1A6101003B74AB /* MenuListViewModelImpl.swift */; };
		9CF6FD872B1A626A003B74AB /* Dictionary+Extensions.swift in Sources */ = {isa = PBXBuildFile; fileRef = 9CF6FD862B1A626A003B74AB /* Dictionary+Extensions.swift */; };
/* End PBXBuildFile section */

/* Begin PBXContainerItemProxy section */
		9C2FADFD2B20BDD900CBFE4F /* PBXContainerItemProxy */ = {
			isa = PBXContainerItemProxy;
			containerPortal = 9CF6FD3A2B1A45A0003B74AB /* Project object */;
			proxyType = 1;
			remoteGlobalIDString = 9CF6FD412B1A45A0003B74AB;
			remoteInfo = "The Menu";
		};
/* End PBXContainerItemProxy section */

/* Begin PBXFileReference section */
		9C2FADF92B20BDD900CBFE4F /* TheMenuUnitTests.xctest */ = {isa = PBXFileReference; explicitFileType = wrapper.cfbundle; includeInIndex = 0; path = TheMenuUnitTests.xctest; sourceTree = BUILT_PRODUCTS_DIR; };
		9C42C4942B21F2A7009FB751 /* The Menu.xctestplan */ = {isa = PBXFileReference; lastKnownFileType = text; path = "The Menu.xctestplan"; sourceTree = "<group>"; };
		9C766CB12B30AC2E00A57EBD /* GetMenuItemDetailScreenModelUseCaseImplTests.swift */ = {isa = PBXFileReference; lastKnownFileType = sourcecode.swift; path = GetMenuItemDetailScreenModelUseCaseImplTests.swift; sourceTree = "<group>"; };
		9C766CB32B30AD8A00A57EBD /* GetMenuCommentsScreenModelUseCaseImplTests.swift */ = {isa = PBXFileReference; lastKnownFileType = sourcecode.swift; path = GetMenuCommentsScreenModelUseCaseImplTests.swift; sourceTree = "<group>"; };
		9C766CB62B30AE1600A57EBD /* StubsFactories.swift */ = {isa = PBXFileReference; lastKnownFileType = sourcecode.swift; path = StubsFactories.swift; sourceTree = "<group>"; };
		9C766CBB2B30B03100A57EBD /* MenuListViewModelImplTests.swift */ = {isa = PBXFileReference; lastKnownFileType = sourcecode.swift; path = MenuListViewModelImplTests.swift; sourceTree = "<group>"; };
		9C766CBE2B30B16500A57EBD /* GetMenuListScreenModelUseCaseMock.swift */ = {isa = PBXFileReference; lastKnownFileType = sourcecode.swift; path = GetMenuListScreenModelUseCaseMock.swift; sourceTree = "<group>"; };
		9C766CC02B30B85D00A57EBD /* MenuListViewTests.swift */ = {isa = PBXFileReference; lastKnownFileType = sourcecode.swift; path = MenuListViewTests.swift; sourceTree = "<group>"; };
		9C766CC32B30C12E00A57EBD /* MenuListViewModelSpy.swift */ = {isa = PBXFileReference; lastKnownFileType = sourcecode.swift; path = MenuListViewModelSpy.swift; sourceTree = "<group>"; };
		9C766CC62B30C17700A57EBD /* GetMenuItemDetailScreenModelUseCaseMock.swift */ = {isa = PBXFileReference; lastKnownFileType = sourcecode.swift; path = GetMenuItemDetailScreenModelUseCaseMock.swift; sourceTree = "<group>"; };
		9C766CC82B30C20F00A57EBD /* MenuItemDetailViewModelSpy.swift */ = {isa = PBXFileReference; lastKnownFileType = sourcecode.swift; path = MenuItemDetailViewModelSpy.swift; sourceTree = "<group>"; };
		9C766CCA2B30C23000A57EBD /* MenuItemDetailViewModelImplTests.swift */ = {isa = PBXFileReference; lastKnownFileType = sourcecode.swift; path = MenuItemDetailViewModelImplTests.swift; sourceTree = "<group>"; };
		9C766CCC2B30C36900A57EBD /* MenuItemDetailViewTests.swift */ = {isa = PBXFileReference; lastKnownFileType = sourcecode.swift; path = MenuItemDetailViewTests.swift; sourceTree = "<group>"; };
		9C766CD02B30C75C00A57EBD /* GetMenuCommentsScreenModelUseCaseMock.swift */ = {isa = PBXFileReference; lastKnownFileType = sourcecode.swift; path = GetMenuCommentsScreenModelUseCaseMock.swift; sourceTree = "<group>"; };
		9C766CD22B30C78300A57EBD /* MenuCommentsViewModelSpy.swift */ = {isa = PBXFileReference; lastKnownFileType = sourcecode.swift; path = MenuCommentsViewModelSpy.swift; sourceTree = "<group>"; };
		9C766CD42B30C7A800A57EBD /* MenuCommentsViewModelImplTests.swift */ = {isa = PBXFileReference; lastKnownFileType = sourcecode.swift; path = MenuCommentsViewModelImplTests.swift; sourceTree = "<group>"; };
		9C766CD62B30C7E100A57EBD /* MenuCommentsViewTests.swift */ = {isa = PBXFileReference; lastKnownFileType = sourcecode.swift; path = MenuCommentsViewTests.swift; sourceTree = "<group>"; };
		9C8C64F02B3375B1009B2AE1 /* TheMenuSplashScreenView.swift */ = {isa = PBXFileReference; lastKnownFileType = sourcecode.swift; path = TheMenuSplashScreenView.swift; sourceTree = "<group>"; };
		9C8C64FA2B338064009B2AE1 /* LottieView.swift */ = {isa = PBXFileReference; lastKnownFileType = sourcecode.swift; path = LottieView.swift; sourceTree = "<group>"; };
		9C8C64FC2B338218009B2AE1 /* splash_screen_food_animation.json */ = {isa = PBXFileReference; fileEncoding = 4; lastKnownFileType = text.json; name = splash_screen_food_animation.json; path = ../../../../../../../.Trash/splash_screen_food_animation.json; sourceTree = "<group>"; };
		9C8C64FF2B36404A009B2AE1 /* ScreenModelRepositoryImplTests.swift */ = {isa = PBXFileReference; lastKnownFileType = sourcecode.swift; path = ScreenModelRepositoryImplTests.swift; sourceTree = "<group>"; };
		9C8C65022B376BFD009B2AE1 /* UrlProtocolMock.swift */ = {isa = PBXFileReference; lastKnownFileType = sourcecode.swift; path = UrlProtocolMock.swift; sourceTree = "<group>"; };
		9C8F82832B2C9B37003C2DEE /* ComponentError.swift */ = {isa = PBXFileReference; lastKnownFileType = sourcecode.swift; path = ComponentError.swift; sourceTree = "<group>"; };
		9C8F82852B2C9FB7003C2DEE /* ComponentType.swift */ = {isa = PBXFileReference; lastKnownFileType = sourcecode.swift; path = ComponentType.swift; sourceTree = "<group>"; };
		9C8F82882B2CB652003C2DEE /* NetworkError.swift */ = {isa = PBXFileReference; lastKnownFileType = sourcecode.swift; path = NetworkError.swift; sourceTree = "<group>"; };
		9C8F828D2B2CB768003C2DEE /* GetMenuListScreenModelUseCase.swift */ = {isa = PBXFileReference; lastKnownFileType = sourcecode.swift; path = GetMenuListScreenModelUseCase.swift; sourceTree = "<group>"; };
		9C8F82912B2CB871003C2DEE /* ScreenModelResponse.swift */ = {isa = PBXFileReference; lastKnownFileType = sourcecode.swift; path = ScreenModelResponse.swift; sourceTree = "<group>"; };
		9C8F82932B2CC2BF003C2DEE /* ScreenModelResponse+Mapper.swift */ = {isa = PBXFileReference; lastKnownFileType = sourcecode.swift; path = "ScreenModelResponse+Mapper.swift"; sourceTree = "<group>"; };
		9C8F82962B2CC327003C2DEE /* ScreenModelData.swift */ = {isa = PBXFileReference; lastKnownFileType = sourcecode.swift; path = ScreenModelData.swift; sourceTree = "<group>"; };
		9C8F829E2B2CC58C003C2DEE /* GetMenuListScreenModelUseCaseImpl.swift */ = {isa = PBXFileReference; lastKnownFileType = sourcecode.swift; path = GetMenuListScreenModelUseCaseImpl.swift; sourceTree = "<group>"; };
		9C8F82A62B2CC87B003C2DEE /* MenuListViewModel.swift */ = {isa = PBXFileReference; lastKnownFileType = sourcecode.swift; path = MenuListViewModel.swift; sourceTree = "<group>"; };
		9C8F82AD2B2CF10E003C2DEE /* MenuItemDetailViewModelImpl.swift */ = {isa = PBXFileReference; lastKnownFileType = sourcecode.swift; path = MenuItemDetailViewModelImpl.swift; sourceTree = "<group>"; };
		9C8F82B02B2CF1FF003C2DEE /* MenuListViewFactory.swift */ = {isa = PBXFileReference; lastKnownFileType = sourcecode.swift; path = MenuListViewFactory.swift; sourceTree = "<group>"; };
		9C8F82B22B2CF760003C2DEE /* MenuItemDetailViewFactory.swift */ = {isa = PBXFileReference; lastKnownFileType = sourcecode.swift; path = MenuItemDetailViewFactory.swift; sourceTree = "<group>"; };
		9C8F82B52B3070B5003C2DEE /* MenuCommentsViewModelImpl.swift */ = {isa = PBXFileReference; lastKnownFileType = sourcecode.swift; path = MenuCommentsViewModelImpl.swift; sourceTree = "<group>"; };
		9C8F82B72B307136003C2DEE /* MenuCommentsViewFactory.swift */ = {isa = PBXFileReference; lastKnownFileType = sourcecode.swift; path = MenuCommentsViewFactory.swift; sourceTree = "<group>"; };
		9C8F82BF2B307873003C2DEE /* GetMenuItemDetailScreenModelUseCase.swift */ = {isa = PBXFileReference; lastKnownFileType = sourcecode.swift; path = GetMenuItemDetailScreenModelUseCase.swift; sourceTree = "<group>"; };
		9C8F82C12B3078A7003C2DEE /* GetMenuItemDetailScreenModelUseCaseImpl.swift */ = {isa = PBXFileReference; lastKnownFileType = sourcecode.swift; path = GetMenuItemDetailScreenModelUseCaseImpl.swift; sourceTree = "<group>"; };
		9C8F82C72B307ADF003C2DEE /* GetMenuCommentsScreenModelUseCase.swift */ = {isa = PBXFileReference; lastKnownFileType = sourcecode.swift; path = GetMenuCommentsScreenModelUseCase.swift; sourceTree = "<group>"; };
		9C8F82C92B307AF9003C2DEE /* GetMenuCommentsScreenModelUseCaseImpl.swift */ = {isa = PBXFileReference; lastKnownFileType = sourcecode.swift; path = GetMenuCommentsScreenModelUseCaseImpl.swift; sourceTree = "<group>"; };
		9C8F82CE2B308533003C2DEE /* ScreenModelRepository.swift */ = {isa = PBXFileReference; lastKnownFileType = sourcecode.swift; path = ScreenModelRepository.swift; sourceTree = "<group>"; };
		9C8F82D02B308570003C2DEE /* ScreenModelRepositoryImpl.swift */ = {isa = PBXFileReference; lastKnownFileType = sourcecode.swift; path = ScreenModelRepositoryImpl.swift; sourceTree = "<group>"; };
		9C8F82D52B308962003C2DEE /* GetMenuListScreenModelUseCaseImplTests.swift */ = {isa = PBXFileReference; lastKnownFileType = sourcecode.swift; path = GetMenuListScreenModelUseCaseImplTests.swift; sourceTree = "<group>"; };
		9C8F82D72B308A04003C2DEE /* ScreenModelRepositoryMock.swift */ = {isa = PBXFileReference; lastKnownFileType = sourcecode.swift; path = ScreenModelRepositoryMock.swift; sourceTree = "<group>"; };
		9CA862992B1E007C00737E46 /* JSON.swift */ = {isa = PBXFileReference; lastKnownFileType = sourcecode.swift; path = JSON.swift; sourceTree = "<group>"; };
		9CA8629B2B1E1F1B00737E46 /* CarouselUIModel.swift */ = {isa = PBXFileReference; lastKnownFileType = sourcecode.swift; path = CarouselUIModel.swift; sourceTree = "<group>"; };
		9CA8629D2B1E1F4B00737E46 /* CarouselComponent.swift */ = {isa = PBXFileReference; lastKnownFileType = sourcecode.swift; path = CarouselComponent.swift; sourceTree = "<group>"; };
		9CA862A02B1E20FF00737E46 /* CarouselView.swift */ = {isa = PBXFileReference; lastKnownFileType = sourcecode.swift; path = CarouselView.swift; sourceTree = "<group>"; };
		9CA862A32B1E3CD500737E46 /* Action.swift */ = {isa = PBXFileReference; lastKnownFileType = sourcecode.swift; path = Action.swift; sourceTree = "<group>"; };
		9CA862A62B1E3D2500737E46 /* Route.swift */ = {isa = PBXFileReference; lastKnownFileType = sourcecode.swift; path = Route.swift; sourceTree = "<group>"; };
		9CA862A82B1E3DBA00737E46 /* Navigator.swift */ = {isa = PBXFileReference; lastKnownFileType = sourcecode.swift; path = Navigator.swift; sourceTree = "<group>"; };
		9CA862AB2B1F4E1100737E46 /* MenuItemDetailView.swift */ = {isa = PBXFileReference; lastKnownFileType = sourcecode.swift; path = MenuItemDetailView.swift; sourceTree = "<group>"; };
		9CA862AD2B1F51DB00737E46 /* MenuItemDetailViewModel.swift */ = {isa = PBXFileReference; lastKnownFileType = sourcecode.swift; path = MenuItemDetailViewModel.swift; sourceTree = "<group>"; };
		9CA862AF2B1F5A1600737E46 /* TextRowUIModel.swift */ = {isa = PBXFileReference; lastKnownFileType = sourcecode.swift; path = TextRowUIModel.swift; sourceTree = "<group>"; };
		9CA862B12B1F5A4100737E46 /* TextRowComponent.swift */ = {isa = PBXFileReference; lastKnownFileType = sourcecode.swift; path = TextRowComponent.swift; sourceTree = "<group>"; };
		9CA862B32B1F64E700737E46 /* RatingUIModel.swift */ = {isa = PBXFileReference; lastKnownFileType = sourcecode.swift; path = RatingUIModel.swift; sourceTree = "<group>"; };
		9CA862B52B1F653100737E46 /* RatingComponent.swift */ = {isa = PBXFileReference; lastKnownFileType = sourcecode.swift; path = RatingComponent.swift; sourceTree = "<group>"; };
		9CA862B72B1F66F600737E46 /* RatingView.swift */ = {isa = PBXFileReference; lastKnownFileType = sourcecode.swift; path = RatingView.swift; sourceTree = "<group>"; };
		9CA862B92B1F955900737E46 /* ListUIModel.swift */ = {isa = PBXFileReference; lastKnownFileType = sourcecode.swift; path = ListUIModel.swift; sourceTree = "<group>"; };
		9CA862BB2B1F977100737E46 /* ListComponent.swift */ = {isa = PBXFileReference; lastKnownFileType = sourcecode.swift; path = ListComponent.swift; sourceTree = "<group>"; };
		9CA862BD2B1F97D800737E46 /* RowComponent.swift */ = {isa = PBXFileReference; lastKnownFileType = sourcecode.swift; path = RowComponent.swift; sourceTree = "<group>"; };
		9CA862BF2B1FA33300737E46 /* EmptyComponent.swift */ = {isa = PBXFileReference; lastKnownFileType = sourcecode.swift; path = EmptyComponent.swift; sourceTree = "<group>"; };
		9CADC9332B28EE0200E9A243 /* MenuCommentsViewModel.swift */ = {isa = PBXFileReference; lastKnownFileType = sourcecode.swift; path = MenuCommentsViewModel.swift; sourceTree = "<group>"; };
		9CADC9352B28EE2B00E9A243 /* MenuCommentsView.swift */ = {isa = PBXFileReference; lastKnownFileType = sourcecode.swift; path = MenuCommentsView.swift; sourceTree = "<group>"; };
		9CADC9392B29DC5A00E9A243 /* CommentListUIModel.swift */ = {isa = PBXFileReference; lastKnownFileType = sourcecode.swift; path = CommentListUIModel.swift; sourceTree = "<group>"; };
		9CADC93B2B29DCCE00E9A243 /* CommentComponent.swift */ = {isa = PBXFileReference; lastKnownFileType = sourcecode.swift; path = CommentComponent.swift; sourceTree = "<group>"; };
		9CADC93D2B29DCE800E9A243 /* CommentListComponent.swift */ = {isa = PBXFileReference; lastKnownFileType = sourcecode.swift; path = CommentListComponent.swift; sourceTree = "<group>"; };
		9CAFC8572B41C2C600FBCAF7 /* SheetView.swift */ = {isa = PBXFileReference; lastKnownFileType = sourcecode.swift; path = SheetView.swift; sourceTree = "<group>"; };
		9CF6FD422B1A45A0003B74AB /* The Menu.app */ = {isa = PBXFileReference; explicitFileType = wrapper.application; includeInIndex = 0; path = "The Menu.app"; sourceTree = BUILT_PRODUCTS_DIR; };
		9CF6FD452B1A45A0003B74AB /* The_MenuApp.swift */ = {isa = PBXFileReference; lastKnownFileType = sourcecode.swift; path = The_MenuApp.swift; sourceTree = "<group>"; };
		9CF6FD472B1A45A0003B74AB /* MenuListView.swift */ = {isa = PBXFileReference; lastKnownFileType = sourcecode.swift; path = MenuListView.swift; sourceTree = "<group>"; };
		9CF6FD492B1A45A2003B74AB /* Assets.xcassets */ = {isa = PBXFileReference; lastKnownFileType = folder.assetcatalog; path = Assets.xcassets; sourceTree = "<group>"; };
		9CF6FD4C2B1A45A2003B74AB /* Preview Assets.xcassets */ = {isa = PBXFileReference; lastKnownFileType = folder.assetcatalog; path = "Preview Assets.xcassets"; sourceTree = "<group>"; };
		9CF6FD742B1A4650003B74AB /* Constants.swift */ = {isa = PBXFileReference; lastKnownFileType = sourcecode.swift; path = Constants.swift; sourceTree = "<group>"; };
		9CF6FD7A2B1A5DD4003B74AB /* UIComponent.swift */ = {isa = PBXFileReference; lastKnownFileType = sourcecode.swift; path = UIComponent.swift; sourceTree = "<group>"; };
		9CF6FD7C2B1A5E41003B74AB /* FeaturedImageComponent.swift */ = {isa = PBXFileReference; lastKnownFileType = sourcecode.swift; path = FeaturedImageComponent.swift; sourceTree = "<group>"; };
		9CF6FD7E2B1A5ED0003B74AB /* FeatureImageUIModel.swift */ = {isa = PBXFileReference; lastKnownFileType = sourcecode.swift; path = FeatureImageUIModel.swift; sourceTree = "<group>"; };
		9CF6FD812B1A6017003B74AB /* View+Extensions.swift */ = {isa = PBXFileReference; lastKnownFileType = sourcecode.swift; path = "View+Extensions.swift"; sourceTree = "<group>"; };
		9CF6FD842B1A6101003B74AB /* MenuListViewModelImpl.swift */ = {isa = PBXFileReference; lastKnownFileType = sourcecode.swift; path = MenuListViewModelImpl.swift; sourceTree = "<group>"; };
		9CF6FD862B1A626A003B74AB /* Dictionary+Extensions.swift */ = {isa = PBXFileReference; lastKnownFileType = sourcecode.swift; path = "Dictionary+Extensions.swift"; sourceTree = "<group>"; };
/* End PBXFileReference section */

/* Begin PBXFrameworksBuildPhase section */
		9C2FADF62B20BDD900CBFE4F /* Frameworks */ = {
			isa = PBXFrameworksBuildPhase;
			buildActionMask = 2147483647;
			files = (
			);
			runOnlyForDeploymentPostprocessing = 0;
		};
		9CF6FD3F2B1A45A0003B74AB /* Frameworks */ = {
			isa = PBXFrameworksBuildPhase;
			buildActionMask = 2147483647;
			files = (
				9C8C64F52B3377BD009B2AE1 /* Lottie in Frameworks */,
			);
			runOnlyForDeploymentPostprocessing = 0;
		};
/* End PBXFrameworksBuildPhase section */

/* Begin PBXGroup section */
		9C2FADFA2B20BDD900CBFE4F /* TheMenuUnitTests */ = {
			isa = PBXGroup;
			children = (
				9C8C64FE2B36402E009B2AE1 /* Data */,
				9C766CB52B30ADFF00A57EBD /* Common */,
				9C8F82D22B308923003C2DEE /* Domain */,
				9C766CB82B30AFC700A57EBD /* Presentation */,
			);
			path = TheMenuUnitTests;
			sourceTree = "<group>";
		};
		9C766CB52B30ADFF00A57EBD /* Common */ = {
			isa = PBXGroup;
			children = (
				9C766CB62B30AE1600A57EBD /* StubsFactories.swift */,
			);
			path = Common;
			sourceTree = "<group>";
		};
		9C766CB82B30AFC700A57EBD /* Presentation */ = {
			isa = PBXGroup;
			children = (
				9C766CB92B30B00400A57EBD /* MenuListScene */,
				9C766CC22B30C11600A57EBD /* MenuItemDetailScene */,
				9C766CCE2B30C73000A57EBD /* MenuCommentsScene */,
			);
			path = Presentation;
			sourceTree = "<group>";
		};
		9C766CB92B30B00400A57EBD /* MenuListScene */ = {
			isa = PBXGroup;
			children = (
				9C766CBD2B30B13C00A57EBD /* Mocks */,
				9C766CBB2B30B03100A57EBD /* MenuListViewModelImplTests.swift */,
				9C766CC02B30B85D00A57EBD /* MenuListViewTests.swift */,
			);
			path = MenuListScene;
			sourceTree = "<group>";
		};
		9C766CBD2B30B13C00A57EBD /* Mocks */ = {
			isa = PBXGroup;
			children = (
				9C766CBE2B30B16500A57EBD /* GetMenuListScreenModelUseCaseMock.swift */,
				9C766CC32B30C12E00A57EBD /* MenuListViewModelSpy.swift */,
			);
			path = Mocks;
			sourceTree = "<group>";
		};
		9C766CC22B30C11600A57EBD /* MenuItemDetailScene */ = {
			isa = PBXGroup;
			children = (
				9C766CC52B30C16500A57EBD /* Mocks */,
				9C766CCA2B30C23000A57EBD /* MenuItemDetailViewModelImplTests.swift */,
				9C766CCC2B30C36900A57EBD /* MenuItemDetailViewTests.swift */,
			);
			path = MenuItemDetailScene;
			sourceTree = "<group>";
		};
		9C766CC52B30C16500A57EBD /* Mocks */ = {
			isa = PBXGroup;
			children = (
				9C766CC62B30C17700A57EBD /* GetMenuItemDetailScreenModelUseCaseMock.swift */,
				9C766CC82B30C20F00A57EBD /* MenuItemDetailViewModelSpy.swift */,
			);
			path = Mocks;
			sourceTree = "<group>";
		};
		9C766CCE2B30C73000A57EBD /* MenuCommentsScene */ = {
			isa = PBXGroup;
			children = (
				9C766CCF2B30C74500A57EBD /* Mocks */,
				9C766CD42B30C7A800A57EBD /* MenuCommentsViewModelImplTests.swift */,
				9C766CD62B30C7E100A57EBD /* MenuCommentsViewTests.swift */,
			);
			path = MenuCommentsScene;
			sourceTree = "<group>";
		};
		9C766CCF2B30C74500A57EBD /* Mocks */ = {
			isa = PBXGroup;
			children = (
				9C766CD02B30C75C00A57EBD /* GetMenuCommentsScreenModelUseCaseMock.swift */,
				9C766CD22B30C78300A57EBD /* MenuCommentsViewModelSpy.swift */,
			);
			path = Mocks;
			sourceTree = "<group>";
		};
		9C8C64EF2B3374C7009B2AE1 /* SplashScreenScene */ = {
			isa = PBXGroup;
			children = (
				9C8C64F02B3375B1009B2AE1 /* TheMenuSplashScreenView.swift */,
				9C8C64F82B338047009B2AE1 /* Animation */,
			);
			path = SplashScreenScene;
			sourceTree = "<group>";
		};
		9C8C64F82B338047009B2AE1 /* Animation */ = {
			isa = PBXGroup;
			children = (
				9C8C64FA2B338064009B2AE1 /* LottieView.swift */,
				9C8C64FC2B338218009B2AE1 /* splash_screen_food_animation.json */,
			);
			path = Animation;
			sourceTree = "<group>";
		};
		9C8C64FE2B36402E009B2AE1 /* Data */ = {
			isa = PBXGroup;
			children = (
				9C8C65012B376BF0009B2AE1 /* Mocks */,
				9C8C64FF2B36404A009B2AE1 /* ScreenModelRepositoryImplTests.swift */,
			);
			path = Data;
			sourceTree = "<group>";
		};
		9C8C65012B376BF0009B2AE1 /* Mocks */ = {
			isa = PBXGroup;
			children = (
				9C8C65022B376BFD009B2AE1 /* UrlProtocolMock.swift */,
			);
			path = Mocks;
			sourceTree = "<group>";
		};
		9C8F82812B2C9B0F003C2DEE /* Common */ = {
			isa = PBXGroup;
			children = (
				9C8F82822B2C9B1E003C2DEE /* Errors */,
				9CF6FD732B1A4640003B74AB /* Helpers */,
			);
			path = Common;
			sourceTree = "<group>";
		};
		9C8F82822B2C9B1E003C2DEE /* Errors */ = {
			isa = PBXGroup;
			children = (
				9C8F82832B2C9B37003C2DEE /* ComponentError.swift */,
				9C8F82882B2CB652003C2DEE /* NetworkError.swift */,
			);
			path = Errors;
			sourceTree = "<group>";
		};
		9C8F82872B2CB615003C2DEE /* Data */ = {
			isa = PBXGroup;
			children = (
				9C8F829A2B2CC3EE003C2DEE /* Network */,
				9C8F829B2B2CC401003C2DEE /* Repositories */,
			);
			path = Data;
			sourceTree = "<group>";
		};
		9C8F828A2B2CB70C003C2DEE /* Domain */ = {
			isa = PBXGroup;
			children = (
				9C8F82952B2CC31E003C2DEE /* Entities */,
				9C8F828C2B2CB72C003C2DEE /* Interfaces */,
				9C8F828B2B2CB71A003C2DEE /* UseCases */,
			);
			path = Domain;
			sourceTree = "<group>";
		};
		9C8F828B2B2CB71A003C2DEE /* UseCases */ = {
			isa = PBXGroup;
			children = (
				9C8F829E2B2CC58C003C2DEE /* GetMenuListScreenModelUseCaseImpl.swift */,
				9C8F82C12B3078A7003C2DEE /* GetMenuItemDetailScreenModelUseCaseImpl.swift */,
				9C8F82C92B307AF9003C2DEE /* GetMenuCommentsScreenModelUseCaseImpl.swift */,
			);
			path = UseCases;
			sourceTree = "<group>";
		};
		9C8F828C2B2CB72C003C2DEE /* Interfaces */ = {
			isa = PBXGroup;
			children = (
				9C8F82BB2B307692003C2DEE /* Repositories */,
				9C8F82BC2B3076B3003C2DEE /* UseCases */,
			);
			path = Interfaces;
			sourceTree = "<group>";
		};
		9C8F828F2B2CB83B003C2DEE /* DataMapping */ = {
			isa = PBXGroup;
			children = (
				9C8F82902B2CB84A003C2DEE /* Responses */,
			);
			path = DataMapping;
			sourceTree = "<group>";
		};
		9C8F82902B2CB84A003C2DEE /* Responses */ = {
			isa = PBXGroup;
			children = (
				9C8F82912B2CB871003C2DEE /* ScreenModelResponse.swift */,
				9C8F82932B2CC2BF003C2DEE /* ScreenModelResponse+Mapper.swift */,
			);
			path = Responses;
			sourceTree = "<group>";
		};
		9C8F82952B2CC31E003C2DEE /* Entities */ = {
			isa = PBXGroup;
			children = (
				9C8F82962B2CC327003C2DEE /* ScreenModelData.swift */,
			);
			path = Entities;
			sourceTree = "<group>";
		};
		9C8F829A2B2CC3EE003C2DEE /* Network */ = {
			isa = PBXGroup;
			children = (
				9C8F828F2B2CB83B003C2DEE /* DataMapping */,
			);
			path = Network;
			sourceTree = "<group>";
		};
		9C8F829B2B2CC401003C2DEE /* Repositories */ = {
			isa = PBXGroup;
			children = (
				9C8F82D02B308570003C2DEE /* ScreenModelRepositoryImpl.swift */,
			);
			path = Repositories;
			sourceTree = "<group>";
		};
		9C8F82A22B2CC7D5003C2DEE /* Components */ = {
			isa = PBXGroup;
			children = (
				9CF6FD792B1A5DC3003B74AB /* Components */,
				9CF6FD762B1A5A58003B74AB /* UIModels */,
				9CA8629F2B1E20A900737E46 /* Views */,
			);
			path = Components;
			sourceTree = "<group>";
		};
		9C8F82A32B2CC7F9003C2DEE /* MenuListScene */ = {
			isa = PBXGroup;
			children = (
				9C8F82A42B2CC819003C2DEE /* ViewModel */,
				9CF6FD472B1A45A0003B74AB /* MenuListView.swift */,
			);
			path = MenuListScene;
			sourceTree = "<group>";
		};
		9C8F82A42B2CC819003C2DEE /* ViewModel */ = {
			isa = PBXGroup;
			children = (
				9C8F82A52B2CC823003C2DEE /* Interfaces */,
				9CF6FD842B1A6101003B74AB /* MenuListViewModelImpl.swift */,
			);
			path = ViewModel;
			sourceTree = "<group>";
		};
		9C8F82A52B2CC823003C2DEE /* Interfaces */ = {
			isa = PBXGroup;
			children = (
				9C8F82A62B2CC87B003C2DEE /* MenuListViewModel.swift */,
			);
			path = Interfaces;
			sourceTree = "<group>";
		};
		9C8F82A82B2CEBDC003C2DEE /* MenuItemDetailScene */ = {
			isa = PBXGroup;
			children = (
				9C8F82AA2B2CEC33003C2DEE /* ViewModel */,
				9CA862AB2B1F4E1100737E46 /* MenuItemDetailView.swift */,
			);
			path = MenuItemDetailScene;
			sourceTree = "<group>";
		};
		9C8F82A92B2CEBEA003C2DEE /* MenuCommentsScene */ = {
			isa = PBXGroup;
			children = (
				9C8F82AC2B2CF0EB003C2DEE /* ViewModel */,
				9CADC9352B28EE2B00E9A243 /* MenuCommentsView.swift */,
			);
			path = MenuCommentsScene;
			sourceTree = "<group>";
		};
		9C8F82AA2B2CEC33003C2DEE /* ViewModel */ = {
			isa = PBXGroup;
			children = (
				9C8F82AB2B2CEC3B003C2DEE /* Interfaces */,
				9C8F82AD2B2CF10E003C2DEE /* MenuItemDetailViewModelImpl.swift */,
			);
			path = ViewModel;
			sourceTree = "<group>";
		};
		9C8F82AB2B2CEC3B003C2DEE /* Interfaces */ = {
			isa = PBXGroup;
			children = (
				9CA862AD2B1F51DB00737E46 /* MenuItemDetailViewModel.swift */,
			);
			path = Interfaces;
			sourceTree = "<group>";
		};
		9C8F82AC2B2CF0EB003C2DEE /* ViewModel */ = {
			isa = PBXGroup;
			children = (
				9C8F82B42B30709E003C2DEE /* Interfaces */,
				9C8F82B52B3070B5003C2DEE /* MenuCommentsViewModelImpl.swift */,
			);
			path = ViewModel;
			sourceTree = "<group>";
		};
		9C8F82AF2B2CF1F6003C2DEE /* Factories */ = {
			isa = PBXGroup;
			children = (
				9C8F82B02B2CF1FF003C2DEE /* MenuListViewFactory.swift */,
				9C8F82B22B2CF760003C2DEE /* MenuItemDetailViewFactory.swift */,
				9C8F82B72B307136003C2DEE /* MenuCommentsViewFactory.swift */,
			);
			path = Factories;
			sourceTree = "<group>";
		};
		9C8F82B42B30709E003C2DEE /* Interfaces */ = {
			isa = PBXGroup;
			children = (
				9CADC9332B28EE0200E9A243 /* MenuCommentsViewModel.swift */,
			);
			path = Interfaces;
			sourceTree = "<group>";
		};
		9C8F82BB2B307692003C2DEE /* Repositories */ = {
			isa = PBXGroup;
			children = (
				9C8F82CE2B308533003C2DEE /* ScreenModelRepository.swift */,
			);
			path = Repositories;
			sourceTree = "<group>";
		};
		9C8F82BC2B3076B3003C2DEE /* UseCases */ = {
			isa = PBXGroup;
			children = (
				9C8F828D2B2CB768003C2DEE /* GetMenuListScreenModelUseCase.swift */,
				9C8F82BF2B307873003C2DEE /* GetMenuItemDetailScreenModelUseCase.swift */,
				9C8F82C72B307ADF003C2DEE /* GetMenuCommentsScreenModelUseCase.swift */,
			);
			path = UseCases;
			sourceTree = "<group>";
		};
		9C8F82D22B308923003C2DEE /* Domain */ = {
			isa = PBXGroup;
			children = (
				9C8F82D32B30892E003C2DEE /* Mocks */,
				9C8F82D42B308935003C2DEE /* UseCases */,
			);
			path = Domain;
			sourceTree = "<group>";
		};
		9C8F82D32B30892E003C2DEE /* Mocks */ = {
			isa = PBXGroup;
			children = (
				9C8F82D72B308A04003C2DEE /* ScreenModelRepositoryMock.swift */,
			);
			path = Mocks;
			sourceTree = "<group>";
		};
		9C8F82D42B308935003C2DEE /* UseCases */ = {
			isa = PBXGroup;
			children = (
				9C8F82D52B308962003C2DEE /* GetMenuListScreenModelUseCaseImplTests.swift */,
				9C766CB12B30AC2E00A57EBD /* GetMenuItemDetailScreenModelUseCaseImplTests.swift */,
				9C766CB32B30AD8A00A57EBD /* GetMenuCommentsScreenModelUseCaseImplTests.swift */,
			);
			path = UseCases;
			sourceTree = "<group>";
		};
		9CA8629F2B1E20A900737E46 /* Views */ = {
			isa = PBXGroup;
			children = (
				9CA862A02B1E20FF00737E46 /* CarouselView.swift */,
				9CA862B72B1F66F600737E46 /* RatingView.swift */,
				9CAFC8572B41C2C600FBCAF7 /* SheetView.swift */,
			);
			path = Views;
			sourceTree = "<group>";
		};
		9CA862A52B1E3D0600737E46 /* Navigation */ = {
			isa = PBXGroup;
			children = (
				9CA862A62B1E3D2500737E46 /* Route.swift */,
				9CA862A82B1E3DBA00737E46 /* Navigator.swift */,
				9CA862A32B1E3CD500737E46 /* Action.swift */,
			);
			path = Navigation;
			sourceTree = "<group>";
		};
		9CA862AA2B1F4DF200737E46 /* Presentation */ = {
			isa = PBXGroup;
			children = (
				9C8C64EF2B3374C7009B2AE1 /* SplashScreenScene */,
				9C8F82A32B2CC7F9003C2DEE /* MenuListScene */,
				9C8F82A82B2CEBDC003C2DEE /* MenuItemDetailScene */,
				9C8F82A92B2CEBEA003C2DEE /* MenuCommentsScene */,
			);
			path = Presentation;
			sourceTree = "<group>";
		};
		9CE418852B2101A500781656 /* Frameworks */ = {
			isa = PBXGroup;
			children = (
			);
			name = Frameworks;
			sourceTree = "<group>";
		};
		9CF6FD392B1A45A0003B74AB = {
			isa = PBXGroup;
			children = (
				9C42C4942B21F2A7009FB751 /* The Menu.xctestplan */,
				9CF6FD442B1A45A0003B74AB /* The Menu */,
				9C2FADFA2B20BDD900CBFE4F /* TheMenuUnitTests */,
				9CF6FD432B1A45A0003B74AB /* Products */,
				9CE418852B2101A500781656 /* Frameworks */,
			);
			sourceTree = "<group>";
		};
		9CF6FD432B1A45A0003B74AB /* Products */ = {
			isa = PBXGroup;
			children = (
				9CF6FD422B1A45A0003B74AB /* The Menu.app */,
				9C2FADF92B20BDD900CBFE4F /* TheMenuUnitTests.xctest */,
			);
			name = Products;
			sourceTree = "<group>";
		};
		9CF6FD442B1A45A0003B74AB /* The Menu */ = {
			isa = PBXGroup;
			children = (
				9C8F82AF2B2CF1F6003C2DEE /* Factories */,
				9C8F82872B2CB615003C2DEE /* Data */,
				9C8F828A2B2CB70C003C2DEE /* Domain */,
				9C8F82812B2C9B0F003C2DEE /* Common */,
				9CA862AA2B1F4DF200737E46 /* Presentation */,
				9CA862A52B1E3D0600737E46 /* Navigation */,
				9CF6FD802B1A6008003B74AB /* Extensions */,
				9C8F82A22B2CC7D5003C2DEE /* Components */,
				9CF6FD452B1A45A0003B74AB /* The_MenuApp.swift */,
				9CF6FD492B1A45A2003B74AB /* Assets.xcassets */,
				9CF6FD4B2B1A45A2003B74AB /* Preview Content */,
			);
			path = "The Menu";
			sourceTree = "<group>";
		};
		9CF6FD4B2B1A45A2003B74AB /* Preview Content */ = {
			isa = PBXGroup;
			children = (
				9CF6FD4C2B1A45A2003B74AB /* Preview Assets.xcassets */,
			);
			path = "Preview Content";
			sourceTree = "<group>";
		};
		9CF6FD732B1A4640003B74AB /* Helpers */ = {
			isa = PBXGroup;
			children = (
				9CF6FD742B1A4650003B74AB /* Constants.swift */,
				9CA862992B1E007C00737E46 /* JSON.swift */,
			);
			path = Helpers;
			sourceTree = "<group>";
		};
		9CF6FD762B1A5A58003B74AB /* UIModels */ = {
			isa = PBXGroup;
			children = (
				9CA862B92B1F955900737E46 /* ListUIModel.swift */,
				9CADC9392B29DC5A00E9A243 /* CommentListUIModel.swift */,
				9CF6FD7E2B1A5ED0003B74AB /* FeatureImageUIModel.swift */,
				9CA8629B2B1E1F1B00737E46 /* CarouselUIModel.swift */,
				9CA862AF2B1F5A1600737E46 /* TextRowUIModel.swift */,
				9CA862B32B1F64E700737E46 /* RatingUIModel.swift */,
			);
			path = UIModels;
			sourceTree = "<group>";
		};
		9CF6FD792B1A5DC3003B74AB /* Components */ = {
			isa = PBXGroup;
			children = (
				9C8F82852B2C9FB7003C2DEE /* ComponentType.swift */,
				9CF6FD7A2B1A5DD4003B74AB /* UIComponent.swift */,
				9CA862BF2B1FA33300737E46 /* EmptyComponent.swift */,
				9CF6FD7C2B1A5E41003B74AB /* FeaturedImageComponent.swift */,
				9CA8629D2B1E1F4B00737E46 /* CarouselComponent.swift */,
				9CA862B12B1F5A4100737E46 /* TextRowComponent.swift */,
				9CA862B52B1F653100737E46 /* RatingComponent.swift */,
				9CA862BB2B1F977100737E46 /* ListComponent.swift */,
				9CA862BD2B1F97D800737E46 /* RowComponent.swift */,
				9CADC93D2B29DCE800E9A243 /* CommentListComponent.swift */,
				9CADC93B2B29DCCE00E9A243 /* CommentComponent.swift */,
			);
			path = Components;
			sourceTree = "<group>";
		};
		9CF6FD802B1A6008003B74AB /* Extensions */ = {
			isa = PBXGroup;
			children = (
				9CF6FD812B1A6017003B74AB /* View+Extensions.swift */,
				9CF6FD862B1A626A003B74AB /* Dictionary+Extensions.swift */,
			);
			path = Extensions;
			sourceTree = "<group>";
		};
/* End PBXGroup section */

/* Begin PBXNativeTarget section */
		9C2FADF82B20BDD900CBFE4F /* TheMenuUnitTests */ = {
			isa = PBXNativeTarget;
			buildConfigurationList = 9C2FADFF2B20BDD900CBFE4F /* Build configuration list for PBXNativeTarget "TheMenuUnitTests" */;
			buildPhases = (
				9C2FADF52B20BDD900CBFE4F /* Sources */,
				9C2FADF62B20BDD900CBFE4F /* Frameworks */,
				9C2FADF72B20BDD900CBFE4F /* Resources */,
			);
			buildRules = (
			);
			dependencies = (
				9C2FADFE2B20BDD900CBFE4F /* PBXTargetDependency */,
			);
			name = TheMenuUnitTests;
			productName = TheMenuUnitTests;
			productReference = 9C2FADF92B20BDD900CBFE4F /* TheMenuUnitTests.xctest */;
			productType = "com.apple.product-type.bundle.unit-test";
		};
		9CF6FD412B1A45A0003B74AB /* The Menu */ = {
			isa = PBXNativeTarget;
			buildConfigurationList = 9CF6FD662B1A45A2003B74AB /* Build configuration list for PBXNativeTarget "The Menu" */;
			buildPhases = (
				9CF6FD3E2B1A45A0003B74AB /* Sources */,
				9CF6FD3F2B1A45A0003B74AB /* Frameworks */,
				9CF6FD402B1A45A0003B74AB /* Resources */,
			);
			buildRules = (
			);
			dependencies = (
			);
			name = "The Menu";
			packageProductDependencies = (
				9C8C64F42B3377BD009B2AE1 /* Lottie */,
			);
			productName = "The Menu";
			productReference = 9CF6FD422B1A45A0003B74AB /* The Menu.app */;
			productType = "com.apple.product-type.application";
		};
/* End PBXNativeTarget section */

/* Begin PBXProject section */
		9CF6FD3A2B1A45A0003B74AB /* Project object */ = {
			isa = PBXProject;
			attributes = {
				BuildIndependentTargetsInParallel = 1;
				LastSwiftUpdateCheck = 1430;
				LastUpgradeCheck = 1430;
				TargetAttributes = {
					9C2FADF82B20BDD900CBFE4F = {
						CreatedOnToolsVersion = 14.3.1;
						TestTargetID = 9CF6FD412B1A45A0003B74AB;
					};
					9CF6FD412B1A45A0003B74AB = {
						CreatedOnToolsVersion = 14.3.1;
					};
				};
			};
			buildConfigurationList = 9CF6FD3D2B1A45A0003B74AB /* Build configuration list for PBXProject "The Menu" */;
			compatibilityVersion = "Xcode 14.0";
			developmentRegion = en;
			hasScannedForEncodings = 0;
			knownRegions = (
				en,
				Base,
			);
			mainGroup = 9CF6FD392B1A45A0003B74AB;
			packageReferences = (
				9C8C64F32B3377BD009B2AE1 /* XCRemoteSwiftPackageReference "lottie-spm" */,
			);
			productRefGroup = 9CF6FD432B1A45A0003B74AB /* Products */;
			projectDirPath = "";
			projectRoot = "";
			targets = (
				9CF6FD412B1A45A0003B74AB /* The Menu */,
				9C2FADF82B20BDD900CBFE4F /* TheMenuUnitTests */,
			);
		};
/* End PBXProject section */

/* Begin PBXResourcesBuildPhase section */
		9C2FADF72B20BDD900CBFE4F /* Resources */ = {
			isa = PBXResourcesBuildPhase;
			buildActionMask = 2147483647;
			files = (
			);
			runOnlyForDeploymentPostprocessing = 0;
		};
		9CF6FD402B1A45A0003B74AB /* Resources */ = {
			isa = PBXResourcesBuildPhase;
			buildActionMask = 2147483647;
			files = (
				9CF6FD4D2B1A45A2003B74AB /* Preview Assets.xcassets in Resources */,
				9CF6FD4A2B1A45A2003B74AB /* Assets.xcassets in Resources */,
				9C8C64FD2B338218009B2AE1 /* splash_screen_food_animation.json in Resources */,
			);
			runOnlyForDeploymentPostprocessing = 0;
		};
/* End PBXResourcesBuildPhase section */

/* Begin PBXSourcesBuildPhase section */
		9C2FADF52B20BDD900CBFE4F /* Sources */ = {
			isa = PBXSourcesBuildPhase;
			buildActionMask = 2147483647;
			files = (
				9C766CCD2B30C36900A57EBD /* MenuItemDetailViewTests.swift in Sources */,
				9C766CB42B30AD8A00A57EBD /* GetMenuCommentsScreenModelUseCaseImplTests.swift in Sources */,
				9C766CBF2B30B16500A57EBD /* GetMenuListScreenModelUseCaseMock.swift in Sources */,
				9C766CBC2B30B03100A57EBD /* MenuListViewModelImplTests.swift in Sources */,
				9C766CB22B30AC2E00A57EBD /* GetMenuItemDetailScreenModelUseCaseImplTests.swift in Sources */,
				9C766CD32B30C78300A57EBD /* MenuCommentsViewModelSpy.swift in Sources */,
				9C8F82D62B308962003C2DEE /* GetMenuListScreenModelUseCaseImplTests.swift in Sources */,
				9C766CC72B30C17700A57EBD /* GetMenuItemDetailScreenModelUseCaseMock.swift in Sources */,
				9C8F82D82B308A04003C2DEE /* ScreenModelRepositoryMock.swift in Sources */,
				9C766CCB2B30C23000A57EBD /* MenuItemDetailViewModelImplTests.swift in Sources */,
				9C766CC12B30B85D00A57EBD /* MenuListViewTests.swift in Sources */,
				9C766CD12B30C75C00A57EBD /* GetMenuCommentsScreenModelUseCaseMock.swift in Sources */,
				9C766CD72B30C7E100A57EBD /* MenuCommentsViewTests.swift in Sources */,
				9C766CC92B30C20F00A57EBD /* MenuItemDetailViewModelSpy.swift in Sources */,
				9C766CC42B30C12E00A57EBD /* MenuListViewModelSpy.swift in Sources */,
				9C8C65032B376BFD009B2AE1 /* UrlProtocolMock.swift in Sources */,
				9C766CB72B30AE1600A57EBD /* StubsFactories.swift in Sources */,
				9C8C65002B36404A009B2AE1 /* ScreenModelRepositoryImplTests.swift in Sources */,
				9C766CD52B30C7A800A57EBD /* MenuCommentsViewModelImplTests.swift in Sources */,
			);
			runOnlyForDeploymentPostprocessing = 0;
		};
		9CF6FD3E2B1A45A0003B74AB /* Sources */ = {
			isa = PBXSourcesBuildPhase;
			buildActionMask = 2147483647;
			files = (
				9C8F829F2B2CC58C003C2DEE /* GetMenuListScreenModelUseCaseImpl.swift in Sources */,
				9C8F82942B2CC2C0003C2DEE /* ScreenModelResponse+Mapper.swift in Sources */,
				9CF6FD482B1A45A0003B74AB /* MenuListView.swift in Sources */,
				9CA862B22B1F5A4100737E46 /* TextRowComponent.swift in Sources */,
				9CA862B02B1F5A1600737E46 /* TextRowUIModel.swift in Sources */,
				9CA862B82B1F66F600737E46 /* RatingView.swift in Sources */,
				9C8F82842B2C9B37003C2DEE /* ComponentError.swift in Sources */,
				9CA862A92B1E3DBA00737E46 /* Navigator.swift in Sources */,
				9CADC9362B28EE2B00E9A243 /* MenuCommentsView.swift in Sources */,
				9CA862A42B1E3CD500737E46 /* Action.swift in Sources */,
				9CADC93A2B29DC5A00E9A243 /* CommentListUIModel.swift in Sources */,
				9CA8629A2B1E007C00737E46 /* JSON.swift in Sources */,
				9CA862BA2B1F955900737E46 /* ListUIModel.swift in Sources */,
				9CA862BE2B1F97D800737E46 /* RowComponent.swift in Sources */,
				9C8F82CF2B308533003C2DEE /* ScreenModelRepository.swift in Sources */,
				9CF6FD822B1A6017003B74AB /* View+Extensions.swift in Sources */,
				9CA8629E2B1E1F4B00737E46 /* CarouselComponent.swift in Sources */,
				9CADC93C2B29DCCE00E9A243 /* CommentComponent.swift in Sources */,
				9CF6FD7B2B1A5DD4003B74AB /* UIComponent.swift in Sources */,
				9CF6FD7F2B1A5ED0003B74AB /* FeatureImageUIModel.swift in Sources */,
				9CA862C02B1FA33300737E46 /* EmptyComponent.swift in Sources */,
				9C8F82B62B3070B5003C2DEE /* MenuCommentsViewModelImpl.swift in Sources */,
				9CF6FD7D2B1A5E41003B74AB /* FeaturedImageComponent.swift in Sources */,
				9CA862A12B1E20FF00737E46 /* CarouselView.swift in Sources */,
				9CA862B42B1F64E700737E46 /* RatingUIModel.swift in Sources */,
				9C8F82A72B2CC87B003C2DEE /* MenuListViewModel.swift in Sources */,
				9C8F82D12B308570003C2DEE /* ScreenModelRepositoryImpl.swift in Sources */,
				9CAFC8582B41C2C600FBCAF7 /* SheetView.swift in Sources */,
				9C8F82C82B307ADF003C2DEE /* GetMenuCommentsScreenModelUseCase.swift in Sources */,
				9C8F82C02B307873003C2DEE /* GetMenuItemDetailScreenModelUseCase.swift in Sources */,
				9C8C64FB2B338064009B2AE1 /* LottieView.swift in Sources */,
				9CF6FD462B1A45A0003B74AB /* The_MenuApp.swift in Sources */,
				9CA8629C2B1E1F1B00737E46 /* CarouselUIModel.swift in Sources */,
				9C8F82B32B2CF760003C2DEE /* MenuItemDetailViewFactory.swift in Sources */,
				9C8F82B82B307136003C2DEE /* MenuCommentsViewFactory.swift in Sources */,
				9CF6FD752B1A4650003B74AB /* Constants.swift in Sources */,
				9CA862BC2B1F977100737E46 /* ListComponent.swift in Sources */,
				9CF6FD852B1A6101003B74AB /* MenuListViewModelImpl.swift in Sources */,
				9CA862AE2B1F51DB00737E46 /* MenuItemDetailViewModel.swift in Sources */,
				9C8F82C22B3078A7003C2DEE /* GetMenuItemDetailScreenModelUseCaseImpl.swift in Sources */,
				9C8F82AE2B2CF10E003C2DEE /* MenuItemDetailViewModelImpl.swift in Sources */,
				9CA862B62B1F653100737E46 /* RatingComponent.swift in Sources */,
				9CF6FD872B1A626A003B74AB /* Dictionary+Extensions.swift in Sources */,
				9C8F82CA2B307AF9003C2DEE /* GetMenuCommentsScreenModelUseCaseImpl.swift in Sources */,
				9C8F828E2B2CB768003C2DEE /* GetMenuListScreenModelUseCase.swift in Sources */,
				9CADC9342B28EE0200E9A243 /* MenuCommentsViewModel.swift in Sources */,
				9C8F82B12B2CF1FF003C2DEE /* MenuListViewFactory.swift in Sources */,
				9CA862AC2B1F4E1100737E46 /* MenuItemDetailView.swift in Sources */,
				9C8F82862B2C9FB7003C2DEE /* ComponentType.swift in Sources */,
				9C8F82892B2CB652003C2DEE /* NetworkError.swift in Sources */,
				9C8F82972B2CC327003C2DEE /* ScreenModelData.swift in Sources */,
				9C8C64F22B337707009B2AE1 /* TheMenuSplashScreenView.swift in Sources */,
				9C8F82922B2CB871003C2DEE /* ScreenModelResponse.swift in Sources */,
				9CA862A72B1E3D2500737E46 /* Route.swift in Sources */,
				9CADC93E2B29DCE800E9A243 /* CommentListComponent.swift in Sources */,
			);
			runOnlyForDeploymentPostprocessing = 0;
		};
/* End PBXSourcesBuildPhase section */

/* Begin PBXTargetDependency section */
		9C2FADFE2B20BDD900CBFE4F /* PBXTargetDependency */ = {
			isa = PBXTargetDependency;
			target = 9CF6FD412B1A45A0003B74AB /* The Menu */;
			targetProxy = 9C2FADFD2B20BDD900CBFE4F /* PBXContainerItemProxy */;
		};
/* End PBXTargetDependency section */

/* Begin XCBuildConfiguration section */
		9C2FAE002B20BDD900CBFE4F /* Debug */ = {
			isa = XCBuildConfiguration;
			buildSettings = {
				BUNDLE_LOADER = "$(TEST_HOST)";
				CODE_SIGN_STYLE = Automatic;
				CURRENT_PROJECT_VERSION = 1;
				GENERATE_INFOPLIST_FILE = YES;
				MARKETING_VERSION = 1.0;
				PRODUCT_BUNDLE_IDENTIFIER = "com.vitor.pires.the-menu.TheMenuUnitTests";
				PRODUCT_NAME = "$(TARGET_NAME)";
				SWIFT_EMIT_LOC_STRINGS = NO;
				SWIFT_VERSION = 5.0;
				TARGETED_DEVICE_FAMILY = "1,2";
				TEST_HOST = "$(BUILT_PRODUCTS_DIR)/The Menu.app/$(BUNDLE_EXECUTABLE_FOLDER_PATH)/The Menu";
			};
			name = Debug;
		};
		9C2FAE012B20BDD900CBFE4F /* Release */ = {
			isa = XCBuildConfiguration;
			buildSettings = {
				BUNDLE_LOADER = "$(TEST_HOST)";
				CODE_SIGN_STYLE = Automatic;
				CURRENT_PROJECT_VERSION = 1;
				GENERATE_INFOPLIST_FILE = YES;
				MARKETING_VERSION = 1.0;
				PRODUCT_BUNDLE_IDENTIFIER = "com.vitor.pires.the-menu.TheMenuUnitTests";
				PRODUCT_NAME = "$(TARGET_NAME)";
				SWIFT_EMIT_LOC_STRINGS = NO;
				SWIFT_VERSION = 5.0;
				TARGETED_DEVICE_FAMILY = "1,2";
				TEST_HOST = "$(BUILT_PRODUCTS_DIR)/The Menu.app/$(BUNDLE_EXECUTABLE_FOLDER_PATH)/The Menu";
			};
			name = Release;
		};
		9CF6FD642B1A45A2003B74AB /* Debug */ = {
			isa = XCBuildConfiguration;
			buildSettings = {
				ALWAYS_SEARCH_USER_PATHS = NO;
				CLANG_ANALYZER_NONNULL = YES;
				CLANG_ANALYZER_NUMBER_OBJECT_CONVERSION = YES_AGGRESSIVE;
				CLANG_CXX_LANGUAGE_STANDARD = "gnu++20";
				CLANG_ENABLE_MODULES = YES;
				CLANG_ENABLE_OBJC_ARC = YES;
				CLANG_ENABLE_OBJC_WEAK = YES;
				CLANG_WARN_BLOCK_CAPTURE_AUTORELEASING = YES;
				CLANG_WARN_BOOL_CONVERSION = YES;
				CLANG_WARN_COMMA = YES;
				CLANG_WARN_CONSTANT_CONVERSION = YES;
				CLANG_WARN_DEPRECATED_OBJC_IMPLEMENTATIONS = YES;
				CLANG_WARN_DIRECT_OBJC_ISA_USAGE = YES_ERROR;
				CLANG_WARN_DOCUMENTATION_COMMENTS = YES;
				CLANG_WARN_EMPTY_BODY = YES;
				CLANG_WARN_ENUM_CONVERSION = YES;
				CLANG_WARN_INFINITE_RECURSION = YES;
				CLANG_WARN_INT_CONVERSION = YES;
				CLANG_WARN_NON_LITERAL_NULL_CONVERSION = YES;
				CLANG_WARN_OBJC_IMPLICIT_RETAIN_SELF = YES;
				CLANG_WARN_OBJC_LITERAL_CONVERSION = YES;
				CLANG_WARN_OBJC_ROOT_CLASS = YES_ERROR;
				CLANG_WARN_QUOTED_INCLUDE_IN_FRAMEWORK_HEADER = YES;
				CLANG_WARN_RANGE_LOOP_ANALYSIS = YES;
				CLANG_WARN_STRICT_PROTOTYPES = YES;
				CLANG_WARN_SUSPICIOUS_MOVE = YES;
				CLANG_WARN_UNGUARDED_AVAILABILITY = YES_AGGRESSIVE;
				CLANG_WARN_UNREACHABLE_CODE = YES;
				CLANG_WARN__DUPLICATE_METHOD_MATCH = YES;
				COPY_PHASE_STRIP = NO;
				DEBUG_INFORMATION_FORMAT = dwarf;
				ENABLE_STRICT_OBJC_MSGSEND = YES;
				ENABLE_TESTABILITY = YES;
				GCC_C_LANGUAGE_STANDARD = gnu11;
				GCC_DYNAMIC_NO_PIC = NO;
				GCC_NO_COMMON_BLOCKS = YES;
				GCC_OPTIMIZATION_LEVEL = 0;
				GCC_PREPROCESSOR_DEFINITIONS = (
					"DEBUG=1",
					"$(inherited)",
				);
				GCC_WARN_64_TO_32_BIT_CONVERSION = YES;
				GCC_WARN_ABOUT_RETURN_TYPE = YES_ERROR;
				GCC_WARN_UNDECLARED_SELECTOR = YES;
				GCC_WARN_UNINITIALIZED_AUTOS = YES_AGGRESSIVE;
				GCC_WARN_UNUSED_FUNCTION = YES;
				GCC_WARN_UNUSED_VARIABLE = YES;
				IPHONEOS_DEPLOYMENT_TARGET = 16.4;
				MTL_ENABLE_DEBUG_INFO = INCLUDE_SOURCE;
				MTL_FAST_MATH = YES;
				ONLY_ACTIVE_ARCH = YES;
				SDKROOT = iphoneos;
				SWIFT_ACTIVE_COMPILATION_CONDITIONS = DEBUG;
				SWIFT_OPTIMIZATION_LEVEL = "-Onone";
			};
			name = Debug;
		};
		9CF6FD652B1A45A2003B74AB /* Release */ = {
			isa = XCBuildConfiguration;
			buildSettings = {
				ALWAYS_SEARCH_USER_PATHS = NO;
				CLANG_ANALYZER_NONNULL = YES;
				CLANG_ANALYZER_NUMBER_OBJECT_CONVERSION = YES_AGGRESSIVE;
				CLANG_CXX_LANGUAGE_STANDARD = "gnu++20";
				CLANG_ENABLE_MODULES = YES;
				CLANG_ENABLE_OBJC_ARC = YES;
				CLANG_ENABLE_OBJC_WEAK = YES;
				CLANG_WARN_BLOCK_CAPTURE_AUTORELEASING = YES;
				CLANG_WARN_BOOL_CONVERSION = YES;
				CLANG_WARN_COMMA = YES;
				CLANG_WARN_CONSTANT_CONVERSION = YES;
				CLANG_WARN_DEPRECATED_OBJC_IMPLEMENTATIONS = YES;
				CLANG_WARN_DIRECT_OBJC_ISA_USAGE = YES_ERROR;
				CLANG_WARN_DOCUMENTATION_COMMENTS = YES;
				CLANG_WARN_EMPTY_BODY = YES;
				CLANG_WARN_ENUM_CONVERSION = YES;
				CLANG_WARN_INFINITE_RECURSION = YES;
				CLANG_WARN_INT_CONVERSION = YES;
				CLANG_WARN_NON_LITERAL_NULL_CONVERSION = YES;
				CLANG_WARN_OBJC_IMPLICIT_RETAIN_SELF = YES;
				CLANG_WARN_OBJC_LITERAL_CONVERSION = YES;
				CLANG_WARN_OBJC_ROOT_CLASS = YES_ERROR;
				CLANG_WARN_QUOTED_INCLUDE_IN_FRAMEWORK_HEADER = YES;
				CLANG_WARN_RANGE_LOOP_ANALYSIS = YES;
				CLANG_WARN_STRICT_PROTOTYPES = YES;
				CLANG_WARN_SUSPICIOUS_MOVE = YES;
				CLANG_WARN_UNGUARDED_AVAILABILITY = YES_AGGRESSIVE;
				CLANG_WARN_UNREACHABLE_CODE = YES;
				CLANG_WARN__DUPLICATE_METHOD_MATCH = YES;
				COPY_PHASE_STRIP = NO;
				DEBUG_INFORMATION_FORMAT = "dwarf-with-dsym";
				ENABLE_NS_ASSERTIONS = NO;
				ENABLE_STRICT_OBJC_MSGSEND = YES;
				GCC_C_LANGUAGE_STANDARD = gnu11;
				GCC_NO_COMMON_BLOCKS = YES;
				GCC_WARN_64_TO_32_BIT_CONVERSION = YES;
				GCC_WARN_ABOUT_RETURN_TYPE = YES_ERROR;
				GCC_WARN_UNDECLARED_SELECTOR = YES;
				GCC_WARN_UNINITIALIZED_AUTOS = YES_AGGRESSIVE;
				GCC_WARN_UNUSED_FUNCTION = YES;
				GCC_WARN_UNUSED_VARIABLE = YES;
				IPHONEOS_DEPLOYMENT_TARGET = 16.4;
				MTL_ENABLE_DEBUG_INFO = NO;
				MTL_FAST_MATH = YES;
				SDKROOT = iphoneos;
				SWIFT_COMPILATION_MODE = wholemodule;
				SWIFT_OPTIMIZATION_LEVEL = "-O";
				VALIDATE_PRODUCT = YES;
			};
			name = Release;
		};
		9CF6FD672B1A45A2003B74AB /* Debug */ = {
			isa = XCBuildConfiguration;
			buildSettings = {
				ASSETCATALOG_COMPILER_APPICON_NAME = AppIcon;
				ASSETCATALOG_COMPILER_GLOBAL_ACCENT_COLOR_NAME = AccentColor;
				CODE_SIGN_STYLE = Automatic;
				CURRENT_PROJECT_VERSION = 1;
				DEVELOPMENT_ASSET_PATHS = "\"The Menu/Preview Content\"";
				ENABLE_PREVIEWS = YES;
				GENERATE_INFOPLIST_FILE = YES;
				INFOPLIST_KEY_UIApplicationSceneManifest_Generation = YES;
				INFOPLIST_KEY_UIApplicationSupportsIndirectInputEvents = YES;
				INFOPLIST_KEY_UILaunchScreen_Generation = YES;
				INFOPLIST_KEY_UISupportedInterfaceOrientations_iPad = "UIInterfaceOrientationPortrait UIInterfaceOrientationPortraitUpsideDown UIInterfaceOrientationLandscapeLeft UIInterfaceOrientationLandscapeRight";
				INFOPLIST_KEY_UISupportedInterfaceOrientations_iPhone = "UIInterfaceOrientationPortrait UIInterfaceOrientationLandscapeLeft UIInterfaceOrientationLandscapeRight";
				LD_RUNPATH_SEARCH_PATHS = (
					"$(inherited)",
					"@executable_path/Frameworks",
				);
				MARKETING_VERSION = 1.0;
				PRODUCT_BUNDLE_IDENTIFIER = "com.vitor.pires.the-menu.The-Menu";
				PRODUCT_NAME = "$(TARGET_NAME)";
				SWIFT_EMIT_LOC_STRINGS = YES;
				SWIFT_VERSION = 5.0;
				TARGETED_DEVICE_FAMILY = "1,2";
			};
			name = Debug;
		};
		9CF6FD682B1A45A2003B74AB /* Release */ = {
			isa = XCBuildConfiguration;
			buildSettings = {
				ASSETCATALOG_COMPILER_APPICON_NAME = AppIcon;
				ASSETCATALOG_COMPILER_GLOBAL_ACCENT_COLOR_NAME = AccentColor;
				CODE_SIGN_STYLE = Automatic;
				CURRENT_PROJECT_VERSION = 1;
				DEVELOPMENT_ASSET_PATHS = "\"The Menu/Preview Content\"";
				ENABLE_PREVIEWS = YES;
				GENERATE_INFOPLIST_FILE = YES;
				INFOPLIST_KEY_UIApplicationSceneManifest_Generation = YES;
				INFOPLIST_KEY_UIApplicationSupportsIndirectInputEvents = YES;
				INFOPLIST_KEY_UILaunchScreen_Generation = YES;
				INFOPLIST_KEY_UISupportedInterfaceOrientations_iPad = "UIInterfaceOrientationPortrait UIInterfaceOrientationPortraitUpsideDown UIInterfaceOrientationLandscapeLeft UIInterfaceOrientationLandscapeRight";
				INFOPLIST_KEY_UISupportedInterfaceOrientations_iPhone = "UIInterfaceOrientationPortrait UIInterfaceOrientationLandscapeLeft UIInterfaceOrientationLandscapeRight";
				LD_RUNPATH_SEARCH_PATHS = (
					"$(inherited)",
					"@executable_path/Frameworks",
				);
				MARKETING_VERSION = 1.0;
				PRODUCT_BUNDLE_IDENTIFIER = "com.vitor.pires.the-menu.The-Menu";
				PRODUCT_NAME = "$(TARGET_NAME)";
				SWIFT_EMIT_LOC_STRINGS = YES;
				SWIFT_VERSION = 5.0;
				TARGETED_DEVICE_FAMILY = "1,2";
			};
			name = Release;
		};
/* End XCBuildConfiguration section */

/* Begin XCConfigurationList section */
		9C2FADFF2B20BDD900CBFE4F /* Build configuration list for PBXNativeTarget "TheMenuUnitTests" */ = {
			isa = XCConfigurationList;
			buildConfigurations = (
				9C2FAE002B20BDD900CBFE4F /* Debug */,
				9C2FAE012B20BDD900CBFE4F /* Release */,
			);
			defaultConfigurationIsVisible = 0;
			defaultConfigurationName = Release;
		};
		9CF6FD3D2B1A45A0003B74AB /* Build configuration list for PBXProject "The Menu" */ = {
			isa = XCConfigurationList;
			buildConfigurations = (
				9CF6FD642B1A45A2003B74AB /* Debug */,
				9CF6FD652B1A45A2003B74AB /* Release */,
			);
			defaultConfigurationIsVisible = 0;
			defaultConfigurationName = Release;
		};
		9CF6FD662B1A45A2003B74AB /* Build configuration list for PBXNativeTarget "The Menu" */ = {
			isa = XCConfigurationList;
			buildConfigurations = (
				9CF6FD672B1A45A2003B74AB /* Debug */,
				9CF6FD682B1A45A2003B74AB /* Release */,
			);
			defaultConfigurationIsVisible = 0;
			defaultConfigurationName = Release;
		};
/* End XCConfigurationList section */

/* Begin XCRemoteSwiftPackageReference section */
		9C8C64F32B3377BD009B2AE1 /* XCRemoteSwiftPackageReference "lottie-spm" */ = {
			isa = XCRemoteSwiftPackageReference;
			repositoryURL = "https://github.com/airbnb/lottie-spm.git";
			requirement = {
				kind = upToNextMajorVersion;
				minimumVersion = 4.0.0;
			};
		};
/* End XCRemoteSwiftPackageReference section */

/* Begin XCSwiftPackageProductDependency section */
		9C8C64F42B3377BD009B2AE1 /* Lottie */ = {
			isa = XCSwiftPackageProductDependency;
			package = 9C8C64F32B3377BD009B2AE1 /* XCRemoteSwiftPackageReference "lottie-spm" */;
			productName = Lottie;
		};
/* End XCSwiftPackageProductDependency section */
	};
	rootObject = 9CF6FD3A2B1A45A0003B74AB /* Project object */;
}
